// !$*UTF8*$!
{
	archiveVersion = 1;
	classes = {
	};
	objectVersion = 46;
	objects = {

/* Begin PBXBuildFile section */
		B337ECFF1E7FD1F0000C7770 /* main.m in Sources */ = {isa = PBXBuildFile; fileRef = B337ECFE1E7FD1F0000C7770 /* main.m */; };
		B337ED021E7FD1F0000C7770 /* AppDelegate.m in Sources */ = {isa = PBXBuildFile; fileRef = B337ED011E7FD1F0000C7770 /* AppDelegate.m */; };
		B337ED051E7FD1F0000C7770 /* ViewController.m in Sources */ = {isa = PBXBuildFile; fileRef = B337ED041E7FD1F0000C7770 /* ViewController.m */; };
		B337ED081E7FD1F0000C7770 /* Main.storyboard in Resources */ = {isa = PBXBuildFile; fileRef = B337ED061E7FD1F0000C7770 /* Main.storyboard */; };
		B337ED0A1E7FD1F0000C7770 /* Assets.xcassets in Resources */ = {isa = PBXBuildFile; fileRef = B337ED091E7FD1F0000C7770 /* Assets.xcassets */; };
		B337ED0D1E7FD1F0000C7770 /* LaunchScreen.storyboard in Resources */ = {isa = PBXBuildFile; fileRef = B337ED0B1E7FD1F0000C7770 /* LaunchScreen.storyboard */; };
/* End PBXBuildFile section */

/* Begin PBXFileReference section */
		B337ECFA1E7FD1F0000C7770 /* swit_pro.app */ = {isa = PBXFileReference; explicitFileType = wrapper.application; includeInIndex = 0; path = swit_pro.app; sourceTree = BUILT_PRODUCTS_DIR; };
		B337ECFE1E7FD1F0000C7770 /* main.m */ = {isa = PBXFileReference; lastKnownFileType = sourcecode.c.objc; path = main.m; sourceTree = "<group>"; };
		B337ED001E7FD1F0000C7770 /* AppDelegate.h */ = {isa = PBXFileReference; lastKnownFileType = sourcecode.c.h; path = AppDelegate.h; sourceTree = "<group>"; };
		B337ED011E7FD1F0000C7770 /* AppDelegate.m */ = {isa = PBXFileReference; lastKnownFileType = sourcecode.c.objc; path = AppDelegate.m; sourceTree = "<group>"; };
		B337ED031E7FD1F0000C7770 /* ViewController.h */ = {isa = PBXFileReference; lastKnownFileType = sourcecode.c.h; path = ViewController.h; sourceTree = "<group>"; };
		B337ED041E7FD1F0000C7770 /* ViewController.m */ = {isa = PBXFileReference; lastKnownFileType = sourcecode.c.objc; path = ViewController.m; sourceTree = "<group>"; };
		B337ED071E7FD1F0000C7770 /* Base */ = {isa = PBXFileReference; lastKnownFileType = file.storyboard; name = Base; path = Base.lproj/Main.storyboard; sourceTree = "<group>"; };
		B337ED091E7FD1F0000C7770 /* Assets.xcassets */ = {isa = PBXFileReference; lastKnownFileType = folder.assetcatalog; path = Assets.xcassets; sourceTree = "<group>"; };
		B337ED0C1E7FD1F0000C7770 /* Base */ = {isa = PBXFileReference; lastKnownFileType = file.storyboard; name = Base; path = Base.lproj/LaunchScreen.storyboard; sourceTree = "<group>"; };
		B337ED0E1E7FD1F0000C7770 /* Info.plist */ = {isa = PBXFileReference; lastKnownFileType = text.plist.xml; path = Info.plist; sourceTree = "<group>"; };
		B337ED141E7FD20F000C7770 /* my_swift_pro.playground */ = {isa = PBXFileReference; lastKnownFileType = file.playground; path = my_swift_pro.playground; sourceTree = "<group>"; };
/* End PBXFileReference section */

/* Begin PBXFrameworksBuildPhase section */
		B337ECF71E7FD1F0000C7770 /* Frameworks */ = {
			isa = PBXFrameworksBuildPhase;
			buildActionMask = 2147483647;
			files = (
			);
			runOnlyForDeploymentPostprocessing = 0;
		};
/* End PBXFrameworksBuildPhase section */

/* Begin PBXGroup section */
		B337ECF11E7FD1F0000C7770 = {
			isa = PBXGroup;
			children = (
				B337ECFC1E7FD1F0000C7770 /* swit_pro */,
				B337ECFB1E7FD1F0000C7770 /* Products */,
			);
			sourceTree = "<group>";
		};
		B337ECFB1E7FD1F0000C7770 /* Products */ = {
			isa = PBXGroup;
			children = (
				B337ECFA1E7FD1F0000C7770 /* swit_pro.app */,
			);
			name = Products;
			sourceTree = "<group>";
		};
		B337ECFC1E7FD1F0000C7770 /* swit_pro */ = {
			isa = PBXGroup;
			children = (
				B337ED001E7FD1F0000C7770 /* AppDelegate.h */,
				B337ED011E7FD1F0000C7770 /* AppDelegate.m */,
				B337ED031E7FD1F0000C7770 /* ViewController.h */,
				B337ED041E7FD1F0000C7770 /* ViewController.m */,
				B337ED061E7FD1F0000C7770 /* Main.storyboard */,
				B337ED091E7FD1F0000C7770 /* Assets.xcassets */,
				B337ED0B1E7FD1F0000C7770 /* LaunchScreen.storyboard */,
				B337ED0E1E7FD1F0000C7770 /* Info.plist */,
				B337ECFD1E7FD1F0000C7770 /* Supporting Files */,
				B337ED141E7FD20F000C7770 /* my_swift_pro.playground */,
			);
			path = swit_pro;
			sourceTree = "<group>";
		};
		B337ECFD1E7FD1F0000C7770 /* Supporting Files */ = {
			isa = PBXGroup;
			children = (
				B337ECFE1E7FD1F0000C7770 /* main.m */,
			);
			name = "Supporting Files";
			sourceTree = "<group>";
		};
/* End PBXGroup section */

/* Begin PBXNativeTarget section */
		B337ECF91E7FD1F0000C7770 /* swit_pro */ = {
			isa = PBXNativeTarget;
			buildConfigurationList = B337ED111E7FD1F0000C7770 /* Build configuration list for PBXNativeTarget "swit_pro" */;
			buildPhases = (
				B337ECF61E7FD1F0000C7770 /* Sources */,
				B337ECF71E7FD1F0000C7770 /* Frameworks */,
				B337ECF81E7FD1F0000C7770 /* Resources */,
			);
			buildRules = (
			);
			dependencies = (
			);
			name = swit_pro;
			productName = swit_pro;
			productReference = B337ECFA1E7FD1F0000C7770 /* swit_pro.app */;
			productType = "com.apple.product-type.application";
		};
/* End PBXNativeTarget section */

/* Begin PBXProject section */
		B337ECF21E7FD1F0000C7770 /* Project object */ = {
			isa = PBXProject;
			attributes = {
				LastUpgradeCheck = 0820;
				ORGANIZATIONNAME = microleo;
				TargetAttributes = {
					B337ECF91E7FD1F0000C7770 = {
						CreatedOnToolsVersion = 8.2.1;
						DevelopmentTeam = 9YY3S9BBZ6;
						ProvisioningStyle = Automatic;
					};
				};
			};
			buildConfigurationList = B337ECF51E7FD1F0000C7770 /* Build configuration list for PBXProject "swit_pro" */;
			compatibilityVersion = "Xcode 3.2";
			developmentRegion = English;
			hasScannedForEncodings = 0;
			knownRegions = (
				en,
				Base,
			);
			mainGroup = B337ECF11E7FD1F0000C7770;
			productRefGroup = B337ECFB1E7FD1F0000C7770 /* Products */;
			projectDirPath = "";
			projectRoot = "";
			targets = (
				B337ECF91E7FD1F0000C7770 /* swit_pro */,
			);
		};
/* End PBXProject section */

/* Begin PBXResourcesBuildPhase section */
		B337ECF81E7FD1F0000C7770 /* Resources */ = {
			isa = PBXResourcesBuildPhase;
			buildActionMask = 2147483647;
			files = (
				B337ED0D1E7FD1F0000C7770 /* LaunchScreen.storyboard in Resources */,
				B337ED0A1E7FD1F0000C7770 /* Assets.xcassets in Resources */,
				B337ED081E7FD1F0000C7770 /* Main.storyboard in Resources */,
			);
			runOnlyForDeploymentPostprocessing = 0;
		};
/* End PBXResourcesBuildPhase section */

/* Begin PBXSourcesBuildPhase section */
		B337ECF61E7FD1F0000C7770 /* Sources */ = {
			isa = PBXSourcesBuildPhase;
			buildActionMask = 2147483647;
			files = (
				B337ED051E7FD1F0000C7770 /* ViewController.m in Sources */,
				B337ED021E7FD1F0000C7770 /* AppDelegate.m in Sources */,
				B337ECFF1E7FD1F0000C7770 /* main.m in Sources */,
			);
			runOnlyForDeploymentPostprocessing = 0;
		};
/* End PBXSourcesBuildPhase section */

/* Begin PBXVariantGroup section */
		B337ED061E7FD1F0000C7770 /* Main.storyboard */ = {
			isa = PBXVariantGroup;
			children = (
				B337ED071E7FD1F0000C7770 /* Base */,
			);
			name = Main.storyboard;
			sourceTree = "<group>";
		};
		B337ED0B1E7FD1F0000C7770 /* LaunchScreen.storyboard */ = {
			isa = PBXVariantGroup;
			children = (
				B337ED0C1E7FD1F0000C7770 /* Base */,
			);
			name = LaunchScreen.storyboard;
			sourceTree = "<group>";
		};
/* End PBXVariantGroup section */

/* Begin XCBuildConfiguration section */
		B337ED0F1E7FD1F0000C7770 /* Debug */ = {
			isa = XCBuildConfiguration;
			buildSettings = {
				ALWAYS_SEARCH_USER_PATHS = NO;
				CLANG_ANALYZER_NONNULL = YES;
				CLANG_CXX_LANGUAGE_STANDARD = "gnu++0x";
				CLANG_CXX_LIBRARY = "libc++";
				CLANG_ENABLE_MODULES = YES;
				CLANG_ENABLE_OBJC_ARC = YES;
				CLANG_WARN_BOOL_CONVERSION = YES;
				CLANG_WARN_CONSTANT_CONVERSION = YES;
				CLANG_WARN_DIRECT_OBJC_ISA_USAGE = YES_ERROR;
				CLANG_WARN_DOCUMENTATION_COMMENTS = YES;
				CLANG_WARN_EMPTY_BODY = YES;
				CLANG_WARN_ENUM_CONVERSION = YES;
				CLANG_WARN_INFINITE_RECURSION = YES;
				CLANG_WARN_INT_CONVERSION = YES;
				CLANG_WARN_OBJC_ROOT_CLASS = YES_ERROR;
				CLANG_WARN_SUSPICIOUS_MOVE = YES;
				CLANG_WARN_UNREACHABLE_CODE = YES;
				CLANG_WARN__DUPLICATE_METHOD_MATCH = YES;
				"CODE_SIGN_IDENTITY[sdk=iphoneos*]" = "iPhone Developer";
				COPY_PHASE_STRIP = NO;
				DEBUG_INFORMATION_FORMAT = dwarf;
				ENABLE_STRICT_OBJC_MSGSEND = YES;
				ENABLE_TESTABILITY = YES;
				GCC_C_LANGUAGE_STANDARD = gnu99;
				GCC_DYNAMIC_NO_PIC = NO;
				GCC_NO_COMMON_BLOCKS = YES;
				GCC_OPTIMIZATION_LEVEL = 0;
				GCC_PREPROCESSOR_DEFINITIONS = (
					"DEBUG=1",
					"$(inherited)",
				);
				GCC_WARN_64_TO_32_BIT_CONVERSION = YES;
				GCC_WARN_ABOUT_RETURN_TYPE = YES_ERROR;
				GCC_WARN_UNDECLARED_SELECTOR = YES;
				GCC_WARN_UNINITIALIZED_AUTOS = YES_AGGRESSIVE;
				GCC_WARN_UNUSED_FUNCTION = YES;
				GCC_WARN_UNUSED_VARIABLE = YES;
				IPHONEOS_DEPLOYMENT_TARGET = 10.2;
				MTL_ENABLE_DEBUG_INFO = YES;
				ONLY_ACTIVE_ARCH = YES;
				SDKROOT = iphoneos;
			};
			name = Debug;
		};
		B337ED101E7FD1F0000C7770 /* Release */ = {
			isa = XCBuildConfiguration;
			buildSettings = {
				ALWAYS_SEARCH_USER_PATHS = NO;
				CLANG_ANALYZER_NONNULL = YES;
				CLANG_CXX_LANGUAGE_STANDARD = "gnu++0x";
				CLANG_CXX_LIBRARY = "libc++";
				CLANG_ENABLE_MODULES = YES;
				CLANG_ENABLE_OBJC_ARC = YES;
				CLANG_WARN_BOOL_CONVERSION = YES;
				CLANG_WARN_CONSTANT_CONVERSION = YES;
				CLANG_WARN_DIRECT_OBJC_ISA_USAGE = YES_ERROR;
				CLANG_WARN_DOCUMENTATION_COMMENTS = YES;
				CLANG_WARN_EMPTY_BODY = YES;
				CLANG_WARN_ENUM_CONVERSION = YES;
				CLANG_WARN_INFINITE_RECURSION = YES;
				CLANG_WARN_INT_CONVERSION = YES;
				CLANG_WARN_OBJC_ROOT_CLASS = YES_ERROR;
				CLANG_WARN_SUSPICIOUS_MOVE = YES;
				CLANG_WARN_UNREACHABLE_CODE = YES;
				CLANG_WARN__DUPLICATE_METHOD_MATCH = YES;
				"CODE_SIGN_IDENTITY[sdk=iphoneos*]" = "iPhone Developer";
				COPY_PHASE_STRIP = NO;
				DEBUG_INFORMATION_FORMAT = "dwarf-with-dsym";
				ENABLE_NS_ASSERTIONS = NO;
				ENABLE_STRICT_OBJC_MSGSEND = YES;
				GCC_C_LANGUAGE_STANDARD = gnu99;
				GCC_NO_COMMON_BLOCKS = YES;
				GCC_WARN_64_TO_32_BIT_CONVERSION = YES;
				GCC_WARN_ABOUT_RETURN_TYPE = YES_ERROR;
				GCC_WARN_UNDECLARED_SELECTOR = YES;
				GCC_WARN_UNINITIALIZED_AUTOS = YES_AGGRESSIVE;
				GCC_WARN_UNUSED_FUNCTION = YES;
				GCC_WARN_UNUSED_VARIABLE = YES;
				IPHONEOS_DEPLOYMENT_TARGET = 10.2;
				MTL_ENABLE_DEBUG_INFO = NO;
				SDKROOT = iphoneos;
				VALIDATE_PRODUCT = YES;
			};
			name = Release;
		};
		B337ED121E7FD1F0000C7770 /* Debug */ = {
			isa = XCBuildConfiguration;
			buildSettings = {
				ASSETCATALOG_COMPILER_APPICON_NAME = AppIcon;
				DEVELOPMENT_TEAM = 9YY3S9BBZ6;
				INFOPLIST_FILE = swit_pro/Info.plist;
				LD_RUNPATH_SEARCH_PATHS = "$(inherited) @executable_path/Frameworks";
				PRODUCT_BUNDLE_IDENTIFIER = "com.microleo.swit-pro";
				PRODUCT_NAME = "$(TARGET_NAME)";
			};
			name = Debug;
		};
		B337ED131E7FD1F0000C7770 /* Release */ = {
			isa = XCBuildConfiguration;
			buildSettings = {
				ASSETCATALOG_COMPILER_APPICON_NAME = AppIcon;
				DEVELOPMENT_TEAM = 9YY3S9BBZ6;
				INFOPLIST_FILE = swit_pro/Info.plist;
				LD_RUNPATH_SEARCH_PATHS = "$(inherited) @executable_path/Frameworks";
				PRODUCT_BUNDLE_IDENTIFIER = "com.microleo.swit-pro";
				PRODUCT_NAME = "$(TARGET_NAME)";
			};
			name = Release;
		};
/* End XCBuildConfiguration section */

/* Begin XCConfigurationList section */
		B337ECF51E7FD1F0000C7770 /* Build configuration list for PBXProject "swit_pro" */ = {
			isa = XCConfigurationList;
			buildConfigurations = (
				B337ED0F1E7FD1F0000C7770 /* Debug */,
				B337ED101E7FD1F0000C7770 /* Release */,
			);
			defaultConfigurationIsVisible = 0;
			defaultConfigurationName = Release;
		};
		B337ED111E7FD1F0000C7770 /* Build configuration list for PBXNativeTarget "swit_pro" */ = {
			isa = XCConfigurationList;
			buildConfigurations = (
				B337ED121E7FD1F0000C7770 /* Debug */,
				B337ED131E7FD1F0000C7770 /* Release */,
			);
			defaultConfigurationIsVisible = 0;
		};
/* End XCConfigurationList section */
	};
	rootObject = B337ECF21E7FD1F0000C7770 /* Project object */;
}
