// !$*UTF8*$!
{
	archiveVersion = 1;
	classes = {
	};
	objectVersion = 46;
	objects = {

/* Begin PBXBuildFile section */
		B3451A581D40F89C004B334B /* main.m in Sources */ = {isa = PBXBuildFile; fileRef = B3451A571D40F89C004B334B /* main.m */; };
		B3451A5B1D40F89C004B334B /* AppDelegate.m in Sources */ = {isa = PBXBuildFile; fileRef = B3451A5A1D40F89C004B334B /* AppDelegate.m */; };
		B3451A5E1D40F89C004B334B /* ViewController.m in Sources */ = {isa = PBXBuildFile; fileRef = B3451A5D1D40F89C004B334B /* ViewController.m */; };
		B3451A611D40F89C004B334B /* Main.storyboard in Resources */ = {isa = PBXBuildFile; fileRef = B3451A5F1D40F89C004B334B /* Main.storyboard */; };
		B3451A631D40F89C004B334B /* Assets.xcassets in Resources */ = {isa = PBXBuildFile; fileRef = B3451A621D40F89C004B334B /* Assets.xcassets */; };
		B3451A661D40F89C004B334B /* LaunchScreen.storyboard in Resources */ = {isa = PBXBuildFile; fileRef = B3451A641D40F89C004B334B /* LaunchScreen.storyboard */; };
		B3451A6D1D40F977004B334B /* UIImage+image.m in Sources */ = {isa = PBXBuildFile; fileRef = B3451A6C1D40F977004B334B /* UIImage+image.m */; };
		B3451A6F1D40FDE5004B334B /* line01.png in Resources */ = {isa = PBXBuildFile; fileRef = B3451A6E1D40FDE5004B334B /* line01.png */; };
		B35D3E8B1D40A61300E08D4E /* main.m in Sources */ = {isa = PBXBuildFile; fileRef = B35D3E8A1D40A61300E08D4E /* main.m */; };
		B35D3E8E1D40A61300E08D4E /* AppDelegate.m in Sources */ = {isa = PBXBuildFile; fileRef = B35D3E8D1D40A61300E08D4E /* AppDelegate.m */; };
		B35D3E911D40A61300E08D4E /* ViewController.m in Sources */ = {isa = PBXBuildFile; fileRef = B35D3E901D40A61300E08D4E /* ViewController.m */; };
		B35D3E941D40A61300E08D4E /* Main.storyboard in Resources */ = {isa = PBXBuildFile; fileRef = B35D3E921D40A61300E08D4E /* Main.storyboard */; };
		B35D3E961D40A61300E08D4E /* Assets.xcassets in Resources */ = {isa = PBXBuildFile; fileRef = B35D3E951D40A61300E08D4E /* Assets.xcassets */; };
		B35D3E991D40A61300E08D4E /* LaunchScreen.storyboard in Resources */ = {isa = PBXBuildFile; fileRef = B35D3E971D40A61300E08D4E /* LaunchScreen.storyboard */; };
		B35D3EC41D40AFBB00E08D4E /* main.m in Sources */ = {isa = PBXBuildFile; fileRef = B35D3EC31D40AFBB00E08D4E /* main.m */; };
		B35D3EC71D40AFBB00E08D4E /* AppDelegate.m in Sources */ = {isa = PBXBuildFile; fileRef = B35D3EC61D40AFBB00E08D4E /* AppDelegate.m */; };
		B35D3ECA1D40AFBB00E08D4E /* ViewController.m in Sources */ = {isa = PBXBuildFile; fileRef = B35D3EC91D40AFBB00E08D4E /* ViewController.m */; };
		B35D3ECD1D40AFBB00E08D4E /* Main.storyboard in Resources */ = {isa = PBXBuildFile; fileRef = B35D3ECB1D40AFBB00E08D4E /* Main.storyboard */; };
		B35D3ECF1D40AFBB00E08D4E /* Assets.xcassets in Resources */ = {isa = PBXBuildFile; fileRef = B35D3ECE1D40AFBB00E08D4E /* Assets.xcassets */; };
		B35D3ED21D40AFBB00E08D4E /* LaunchScreen.storyboard in Resources */ = {isa = PBXBuildFile; fileRef = B35D3ED01D40AFBB00E08D4E /* LaunchScreen.storyboard */; };
		B35D3EF51D40B1C200E08D4E /* NewsInfo.m in Sources */ = {isa = PBXBuildFile; fileRef = B35D3EF41D40B1C200E08D4E /* NewsInfo.m */; };
		B35D3EF81D40B30D00E08D4E /* Person.m in Sources */ = {isa = PBXBuildFile; fileRef = B35D3EF71D40B30D00E08D4E /* Person.m */; };
		B35D3EFB1D40B31800E08D4E /* IOS.m in Sources */ = {isa = PBXBuildFile; fileRef = B35D3EFA1D40B31800E08D4E /* IOS.m */; };
		B35D3EFE1D40B32400E08D4E /* Java.m in Sources */ = {isa = PBXBuildFile; fileRef = B35D3EFD1D40B32400E08D4E /* Java.m */; };
		B35D3F011D40B34E00E08D4E /* Language.m in Sources */ = {isa = PBXBuildFile; fileRef = B35D3F001D40B34E00E08D4E /* Language.m */; };
		B35D3F0A1D40BA6D00E08D4E /* main.m in Sources */ = {isa = PBXBuildFile; fileRef = B35D3F091D40BA6D00E08D4E /* main.m */; };
		B35D3F0D1D40BA6D00E08D4E /* AppDelegate.m in Sources */ = {isa = PBXBuildFile; fileRef = B35D3F0C1D40BA6D00E08D4E /* AppDelegate.m */; };
		B35D3F101D40BA6D00E08D4E /* ViewController.m in Sources */ = {isa = PBXBuildFile; fileRef = B35D3F0F1D40BA6D00E08D4E /* ViewController.m */; };
		B35D3F131D40BA6D00E08D4E /* Main.storyboard in Resources */ = {isa = PBXBuildFile; fileRef = B35D3F111D40BA6D00E08D4E /* Main.storyboard */; };
		B35D3F151D40BA6D00E08D4E /* Assets.xcassets in Resources */ = {isa = PBXBuildFile; fileRef = B35D3F141D40BA6D00E08D4E /* Assets.xcassets */; };
		B35D3F181D40BA6D00E08D4E /* LaunchScreen.storyboard in Resources */ = {isa = PBXBuildFile; fileRef = B35D3F161D40BA6D00E08D4E /* LaunchScreen.storyboard */; };
		B35D3F3B1D40BD3C00E08D4E /* Person.m in Sources */ = {isa = PBXBuildFile; fileRef = B35D3F3A1D40BD3C00E08D4E /* Person.m */; };
		B35D3F3E1D40BD4B00E08D4E /* SonPerson.m in Sources */ = {isa = PBXBuildFile; fileRef = B35D3F3D1D40BD4B00E08D4E /* SonPerson.m */; };
		B35D3F471D40C17F00E08D4E /* main.m in Sources */ = {isa = PBXBuildFile; fileRef = B35D3F461D40C17F00E08D4E /* main.m */; };
		B35D3F4A1D40C17F00E08D4E /* AppDelegate.m in Sources */ = {isa = PBXBuildFile; fileRef = B35D3F491D40C17F00E08D4E /* AppDelegate.m */; };
		B35D3F4D1D40C17F00E08D4E /* ViewController.m in Sources */ = {isa = PBXBuildFile; fileRef = B35D3F4C1D40C17F00E08D4E /* ViewController.m */; };
		B35D3F501D40C17F00E08D4E /* Main.storyboard in Resources */ = {isa = PBXBuildFile; fileRef = B35D3F4E1D40C17F00E08D4E /* Main.storyboard */; };
		B35D3F521D40C17F00E08D4E /* Assets.xcassets in Resources */ = {isa = PBXBuildFile; fileRef = B35D3F511D40C17F00E08D4E /* Assets.xcassets */; };
		B35D3F551D40C17F00E08D4E /* LaunchScreen.storyboard in Resources */ = {isa = PBXBuildFile; fileRef = B35D3F531D40C17F00E08D4E /* LaunchScreen.storyboard */; };
		B35D3F5C1D40C1B100E08D4E /* Person.m in Sources */ = {isa = PBXBuildFile; fileRef = B35D3F5B1D40C1B100E08D4E /* Person.m */; };
		B3699C331D41BE9B0042CE17 /* main.m in Sources */ = {isa = PBXBuildFile; fileRef = B3699C321D41BE9B0042CE17 /* main.m */; };
		B3699C361D41BE9B0042CE17 /* AppDelegate.m in Sources */ = {isa = PBXBuildFile; fileRef = B3699C351D41BE9B0042CE17 /* AppDelegate.m */; };
		B3699C391D41BE9B0042CE17 /* ViewController.m in Sources */ = {isa = PBXBuildFile; fileRef = B3699C381D41BE9B0042CE17 /* ViewController.m */; };
		B3699C3C1D41BE9B0042CE17 /* Main.storyboard in Resources */ = {isa = PBXBuildFile; fileRef = B3699C3A1D41BE9B0042CE17 /* Main.storyboard */; };
		B3699C3E1D41BE9B0042CE17 /* Assets.xcassets in Resources */ = {isa = PBXBuildFile; fileRef = B3699C3D1D41BE9B0042CE17 /* Assets.xcassets */; };
		B3699C411D41BE9B0042CE17 /* LaunchScreen.storyboard in Resources */ = {isa = PBXBuildFile; fileRef = B3699C3F1D41BE9B0042CE17 /* LaunchScreen.storyboard */; };
		B3699C481D41BEC10042CE17 /* Person.m in Sources */ = {isa = PBXBuildFile; fileRef = B3699C471D41BEC10042CE17 /* Person.m */; };
		B3699C511D41CC270042CE17 /* main.m in Sources */ = {isa = PBXBuildFile; fileRef = B3699C501D41CC270042CE17 /* main.m */; };
		B3699C541D41CC270042CE17 /* AppDelegate.m in Sources */ = {isa = PBXBuildFile; fileRef = B3699C531D41CC270042CE17 /* AppDelegate.m */; };
		B3699C571D41CC270042CE17 /* ViewController.m in Sources */ = {isa = PBXBuildFile; fileRef = B3699C561D41CC270042CE17 /* ViewController.m */; };
		B3699C5A1D41CC270042CE17 /* Main.storyboard in Resources */ = {isa = PBXBuildFile; fileRef = B3699C581D41CC270042CE17 /* Main.storyboard */; };
		B3699C5C1D41CC270042CE17 /* Assets.xcassets in Resources */ = {isa = PBXBuildFile; fileRef = B3699C5B1D41CC270042CE17 /* Assets.xcassets */; };
		B3699C5F1D41CC270042CE17 /* LaunchScreen.storyboard in Resources */ = {isa = PBXBuildFile; fileRef = B3699C5D1D41CC270042CE17 /* LaunchScreen.storyboard */; };
		B3699C661D41CC890042CE17 /* NSObject+Objc.m in Sources */ = {isa = PBXBuildFile; fileRef = B3699C651D41CC890042CE17 /* NSObject+Objc.m */; };
		B3699C6F1D41F3A10042CE17 /* main.m in Sources */ = {isa = PBXBuildFile; fileRef = B3699C6E1D41F3A10042CE17 /* main.m */; };
		B3699C721D41F3A10042CE17 /* AppDelegate.m in Sources */ = {isa = PBXBuildFile; fileRef = B3699C711D41F3A10042CE17 /* AppDelegate.m */; };
		B3699C751D41F3A10042CE17 /* ViewController.m in Sources */ = {isa = PBXBuildFile; fileRef = B3699C741D41F3A10042CE17 /* ViewController.m */; };
		B3699C781D41F3A10042CE17 /* Main.storyboard in Resources */ = {isa = PBXBuildFile; fileRef = B3699C761D41F3A10042CE17 /* Main.storyboard */; };
		B3699C7A1D41F3A10042CE17 /* Assets.xcassets in Resources */ = {isa = PBXBuildFile; fileRef = B3699C791D41F3A10042CE17 /* Assets.xcassets */; };
		B3699C7D1D41F3A10042CE17 /* LaunchScreen.storyboard in Resources */ = {isa = PBXBuildFile; fileRef = B3699C7B1D41F3A10042CE17 /* LaunchScreen.storyboard */; };
		B3699C831D41F3B30042CE17 /* status.plist in Resources */ = {isa = PBXBuildFile; fileRef = B3699C821D41F3B30042CE17 /* status.plist */; };
		B3699C861D41F4810042CE17 /* NSObject+Property.m in Sources */ = {isa = PBXBuildFile; fileRef = B3699C851D41F4810042CE17 /* NSObject+Property.m */; };
/* End PBXBuildFile section */

/* Begin PBXFileReference section */
		B3451A541D40F89C004B334B /* Runtime交换方法.app */ = {isa = PBXFileReference; explicitFileType = wrapper.application; includeInIndex = 0; path = "Runtime交换方法.app"; sourceTree = BUILT_PRODUCTS_DIR; };
		B3451A571D40F89C004B334B /* main.m */ = {isa = PBXFileReference; lastKnownFileType = sourcecode.c.objc; path = main.m; sourceTree = "<group>"; };
		B3451A591D40F89C004B334B /* AppDelegate.h */ = {isa = PBXFileReference; lastKnownFileType = sourcecode.c.h; path = AppDelegate.h; sourceTree = "<group>"; };
		B3451A5A1D40F89C004B334B /* AppDelegate.m */ = {isa = PBXFileReference; lastKnownFileType = sourcecode.c.objc; path = AppDelegate.m; sourceTree = "<group>"; };
		B3451A5C1D40F89C004B334B /* ViewController.h */ = {isa = PBXFileReference; lastKnownFileType = sourcecode.c.h; path = ViewController.h; sourceTree = "<group>"; };
		B3451A5D1D40F89C004B334B /* ViewController.m */ = {isa = PBXFileReference; lastKnownFileType = sourcecode.c.objc; path = ViewController.m; sourceTree = "<group>"; };
		B3451A601D40F89C004B334B /* Base */ = {isa = PBXFileReference; lastKnownFileType = file.storyboard; name = Base; path = Base.lproj/Main.storyboard; sourceTree = "<group>"; };
		B3451A621D40F89C004B334B /* Assets.xcassets */ = {isa = PBXFileReference; lastKnownFileType = folder.assetcatalog; path = Assets.xcassets; sourceTree = "<group>"; };
		B3451A651D40F89C004B334B /* Base */ = {isa = PBXFileReference; lastKnownFileType = file.storyboard; name = Base; path = Base.lproj/LaunchScreen.storyboard; sourceTree = "<group>"; };
		B3451A671D40F89C004B334B /* Info.plist */ = {isa = PBXFileReference; lastKnownFileType = text.plist.xml; path = Info.plist; sourceTree = "<group>"; };
		B3451A6B1D40F977004B334B /* UIImage+image.h */ = {isa = PBXFileReference; fileEncoding = 4; lastKnownFileType = sourcecode.c.h; path = "UIImage+image.h"; sourceTree = "<group>"; };
		B3451A6C1D40F977004B334B /* UIImage+image.m */ = {isa = PBXFileReference; fileEncoding = 4; lastKnownFileType = sourcecode.c.objc; path = "UIImage+image.m"; sourceTree = "<group>"; };
		B3451A6E1D40FDE5004B334B /* line01.png */ = {isa = PBXFileReference; lastKnownFileType = image.png; path = line01.png; sourceTree = "<group>"; };
		B35D3E861D40A61300E08D4E /* IOS新特性.app */ = {isa = PBXFileReference; explicitFileType = wrapper.application; includeInIndex = 0; path = "IOS新特性.app"; sourceTree = BUILT_PRODUCTS_DIR; };
		B35D3E8A1D40A61300E08D4E /* main.m */ = {isa = PBXFileReference; lastKnownFileType = sourcecode.c.objc; path = main.m; sourceTree = "<group>"; };
		B35D3E8C1D40A61300E08D4E /* AppDelegate.h */ = {isa = PBXFileReference; lastKnownFileType = sourcecode.c.h; path = AppDelegate.h; sourceTree = "<group>"; };
		B35D3E8D1D40A61300E08D4E /* AppDelegate.m */ = {isa = PBXFileReference; lastKnownFileType = sourcecode.c.objc; path = AppDelegate.m; sourceTree = "<group>"; };
		B35D3E8F1D40A61300E08D4E /* ViewController.h */ = {isa = PBXFileReference; lastKnownFileType = sourcecode.c.h; path = ViewController.h; sourceTree = "<group>"; };
		B35D3E901D40A61300E08D4E /* ViewController.m */ = {isa = PBXFileReference; lastKnownFileType = sourcecode.c.objc; path = ViewController.m; sourceTree = "<group>"; };
		B35D3E931D40A61300E08D4E /* Base */ = {isa = PBXFileReference; lastKnownFileType = file.storyboard; name = Base; path = Base.lproj/Main.storyboard; sourceTree = "<group>"; };
		B35D3E951D40A61300E08D4E /* Assets.xcassets */ = {isa = PBXFileReference; lastKnownFileType = folder.assetcatalog; path = Assets.xcassets; sourceTree = "<group>"; };
		B35D3E981D40A61300E08D4E /* Base */ = {isa = PBXFileReference; lastKnownFileType = file.storyboard; name = Base; path = Base.lproj/LaunchScreen.storyboard; sourceTree = "<group>"; };
		B35D3E9A1D40A61300E08D4E /* Info.plist */ = {isa = PBXFileReference; lastKnownFileType = text.plist.xml; path = Info.plist; sourceTree = "<group>"; };
		B35D3EC01D40AFBB00E08D4E /* 泛型.app */ = {isa = PBXFileReference; explicitFileType = wrapper.application; includeInIndex = 0; path = "泛型.app"; sourceTree = BUILT_PRODUCTS_DIR; };
		B35D3EC31D40AFBB00E08D4E /* main.m */ = {isa = PBXFileReference; lastKnownFileType = sourcecode.c.objc; path = main.m; sourceTree = "<group>"; };
		B35D3EC51D40AFBB00E08D4E /* AppDelegate.h */ = {isa = PBXFileReference; lastKnownFileType = sourcecode.c.h; path = AppDelegate.h; sourceTree = "<group>"; };
		B35D3EC61D40AFBB00E08D4E /* AppDelegate.m */ = {isa = PBXFileReference; lastKnownFileType = sourcecode.c.objc; path = AppDelegate.m; sourceTree = "<group>"; };
		B35D3EC81D40AFBB00E08D4E /* ViewController.h */ = {isa = PBXFileReference; lastKnownFileType = sourcecode.c.h; path = ViewController.h; sourceTree = "<group>"; };
		B35D3EC91D40AFBB00E08D4E /* ViewController.m */ = {isa = PBXFileReference; lastKnownFileType = sourcecode.c.objc; path = ViewController.m; sourceTree = "<group>"; };
		B35D3ECC1D40AFBB00E08D4E /* Base */ = {isa = PBXFileReference; lastKnownFileType = file.storyboard; name = Base; path = Base.lproj/Main.storyboard; sourceTree = "<group>"; };
		B35D3ECE1D40AFBB00E08D4E /* Assets.xcassets */ = {isa = PBXFileReference; lastKnownFileType = folder.assetcatalog; path = Assets.xcassets; sourceTree = "<group>"; };
		B35D3ED11D40AFBB00E08D4E /* Base */ = {isa = PBXFileReference; lastKnownFileType = file.storyboard; name = Base; path = Base.lproj/LaunchScreen.storyboard; sourceTree = "<group>"; };
		B35D3ED31D40AFBB00E08D4E /* Info.plist */ = {isa = PBXFileReference; lastKnownFileType = text.plist.xml; path = Info.plist; sourceTree = "<group>"; };
		B35D3EF31D40B1C200E08D4E /* NewsInfo.h */ = {isa = PBXFileReference; fileEncoding = 4; lastKnownFileType = sourcecode.c.h; path = NewsInfo.h; sourceTree = "<group>"; };
		B35D3EF41D40B1C200E08D4E /* NewsInfo.m */ = {isa = PBXFileReference; fileEncoding = 4; lastKnownFileType = sourcecode.c.objc; path = NewsInfo.m; sourceTree = "<group>"; };
		B35D3EF61D40B30D00E08D4E /* Person.h */ = {isa = PBXFileReference; fileEncoding = 4; lastKnownFileType = sourcecode.c.h; path = Person.h; sourceTree = "<group>"; };
		B35D3EF71D40B30D00E08D4E /* Person.m */ = {isa = PBXFileReference; fileEncoding = 4; lastKnownFileType = sourcecode.c.objc; path = Person.m; sourceTree = "<group>"; };
		B35D3EF91D40B31800E08D4E /* IOS.h */ = {isa = PBXFileReference; fileEncoding = 4; lastKnownFileType = sourcecode.c.h; path = IOS.h; sourceTree = "<group>"; };
		B35D3EFA1D40B31800E08D4E /* IOS.m */ = {isa = PBXFileReference; fileEncoding = 4; lastKnownFileType = sourcecode.c.objc; path = IOS.m; sourceTree = "<group>"; };
		B35D3EFC1D40B32400E08D4E /* Java.h */ = {isa = PBXFileReference; fileEncoding = 4; lastKnownFileType = sourcecode.c.h; path = Java.h; sourceTree = "<group>"; };
		B35D3EFD1D40B32400E08D4E /* Java.m */ = {isa = PBXFileReference; fileEncoding = 4; lastKnownFileType = sourcecode.c.objc; path = Java.m; sourceTree = "<group>"; };
		B35D3EFF1D40B34E00E08D4E /* Language.h */ = {isa = PBXFileReference; fileEncoding = 4; lastKnownFileType = sourcecode.c.h; path = Language.h; sourceTree = "<group>"; };
		B35D3F001D40B34E00E08D4E /* Language.m */ = {isa = PBXFileReference; fileEncoding = 4; lastKnownFileType = sourcecode.c.objc; path = Language.m; sourceTree = "<group>"; };
		B35D3F061D40BA6D00E08D4E /* 关键字_kindof.app */ = {isa = PBXFileReference; explicitFileType = wrapper.application; includeInIndex = 0; path = "关键字_kindof.app"; sourceTree = BUILT_PRODUCTS_DIR; };
		B35D3F091D40BA6D00E08D4E /* main.m */ = {isa = PBXFileReference; lastKnownFileType = sourcecode.c.objc; path = main.m; sourceTree = "<group>"; };
		B35D3F0B1D40BA6D00E08D4E /* AppDelegate.h */ = {isa = PBXFileReference; lastKnownFileType = sourcecode.c.h; path = AppDelegate.h; sourceTree = "<group>"; };
		B35D3F0C1D40BA6D00E08D4E /* AppDelegate.m */ = {isa = PBXFileReference; lastKnownFileType = sourcecode.c.objc; path = AppDelegate.m; sourceTree = "<group>"; };
		B35D3F0E1D40BA6D00E08D4E /* ViewController.h */ = {isa = PBXFileReference; lastKnownFileType = sourcecode.c.h; path = ViewController.h; sourceTree = "<group>"; };
		B35D3F0F1D40BA6D00E08D4E /* ViewController.m */ = {isa = PBXFileReference; lastKnownFileType = sourcecode.c.objc; path = ViewController.m; sourceTree = "<group>"; };
		B35D3F121D40BA6D00E08D4E /* Base */ = {isa = PBXFileReference; lastKnownFileType = file.storyboard; name = Base; path = Base.lproj/Main.storyboard; sourceTree = "<group>"; };
		B35D3F141D40BA6D00E08D4E /* Assets.xcassets */ = {isa = PBXFileReference; lastKnownFileType = folder.assetcatalog; path = Assets.xcassets; sourceTree = "<group>"; };
		B35D3F171D40BA6D00E08D4E /* Base */ = {isa = PBXFileReference; lastKnownFileType = file.storyboard; name = Base; path = Base.lproj/LaunchScreen.storyboard; sourceTree = "<group>"; };
		B35D3F191D40BA6D00E08D4E /* Info.plist */ = {isa = PBXFileReference; lastKnownFileType = text.plist.xml; path = Info.plist; sourceTree = "<group>"; };
		B35D3F391D40BD3C00E08D4E /* Person.h */ = {isa = PBXFileReference; fileEncoding = 4; lastKnownFileType = sourcecode.c.h; path = Person.h; sourceTree = "<group>"; };
		B35D3F3A1D40BD3C00E08D4E /* Person.m */ = {isa = PBXFileReference; fileEncoding = 4; lastKnownFileType = sourcecode.c.objc; path = Person.m; sourceTree = "<group>"; };
		B35D3F3C1D40BD4B00E08D4E /* SonPerson.h */ = {isa = PBXFileReference; fileEncoding = 4; lastKnownFileType = sourcecode.c.h; path = SonPerson.h; sourceTree = "<group>"; };
		B35D3F3D1D40BD4B00E08D4E /* SonPerson.m */ = {isa = PBXFileReference; fileEncoding = 4; lastKnownFileType = sourcecode.c.objc; path = SonPerson.m; sourceTree = "<group>"; };
		B35D3F431D40C17F00E08D4E /* Runtime消息机制.app */ = {isa = PBXFileReference; explicitFileType = wrapper.application; includeInIndex = 0; path = "Runtime消息机制.app"; sourceTree = BUILT_PRODUCTS_DIR; };
		B35D3F461D40C17F00E08D4E /* main.m */ = {isa = PBXFileReference; lastKnownFileType = sourcecode.c.objc; path = main.m; sourceTree = "<group>"; };
		B35D3F481D40C17F00E08D4E /* AppDelegate.h */ = {isa = PBXFileReference; lastKnownFileType = sourcecode.c.h; path = AppDelegate.h; sourceTree = "<group>"; };
		B35D3F491D40C17F00E08D4E /* AppDelegate.m */ = {isa = PBXFileReference; lastKnownFileType = sourcecode.c.objc; path = AppDelegate.m; sourceTree = "<group>"; };
		B35D3F4B1D40C17F00E08D4E /* ViewController.h */ = {isa = PBXFileReference; lastKnownFileType = sourcecode.c.h; path = ViewController.h; sourceTree = "<group>"; };
		B35D3F4C1D40C17F00E08D4E /* ViewController.m */ = {isa = PBXFileReference; lastKnownFileType = sourcecode.c.objc; path = ViewController.m; sourceTree = "<group>"; };
		B35D3F4F1D40C17F00E08D4E /* Base */ = {isa = PBXFileReference; lastKnownFileType = file.storyboard; name = Base; path = Base.lproj/Main.storyboard; sourceTree = "<group>"; };
		B35D3F511D40C17F00E08D4E /* Assets.xcassets */ = {isa = PBXFileReference; lastKnownFileType = folder.assetcatalog; path = Assets.xcassets; sourceTree = "<group>"; };
		B35D3F541D40C17F00E08D4E /* Base */ = {isa = PBXFileReference; lastKnownFileType = file.storyboard; name = Base; path = Base.lproj/LaunchScreen.storyboard; sourceTree = "<group>"; };
		B35D3F561D40C17F00E08D4E /* Info.plist */ = {isa = PBXFileReference; lastKnownFileType = text.plist.xml; path = Info.plist; sourceTree = "<group>"; };
		B35D3F5A1D40C1B100E08D4E /* Person.h */ = {isa = PBXFileReference; fileEncoding = 4; lastKnownFileType = sourcecode.c.h; path = Person.h; sourceTree = "<group>"; };
		B35D3F5B1D40C1B100E08D4E /* Person.m */ = {isa = PBXFileReference; fileEncoding = 4; lastKnownFileType = sourcecode.c.objc; path = Person.m; sourceTree = "<group>"; };
		B3699C2F1D41BE9B0042CE17 /* Runtime动态添加方法.app */ = {isa = PBXFileReference; explicitFileType = wrapper.application; includeInIndex = 0; path = "Runtime动态添加方法.app"; sourceTree = BUILT_PRODUCTS_DIR; };
		B3699C321D41BE9B0042CE17 /* main.m */ = {isa = PBXFileReference; lastKnownFileType = sourcecode.c.objc; path = main.m; sourceTree = "<group>"; };
		B3699C341D41BE9B0042CE17 /* AppDelegate.h */ = {isa = PBXFileReference; lastKnownFileType = sourcecode.c.h; path = AppDelegate.h; sourceTree = "<group>"; };
		B3699C351D41BE9B0042CE17 /* AppDelegate.m */ = {isa = PBXFileReference; lastKnownFileType = sourcecode.c.objc; path = AppDelegate.m; sourceTree = "<group>"; };
		B3699C371D41BE9B0042CE17 /* ViewController.h */ = {isa = PBXFileReference; lastKnownFileType = sourcecode.c.h; path = ViewController.h; sourceTree = "<group>"; };
		B3699C381D41BE9B0042CE17 /* ViewController.m */ = {isa = PBXFileReference; lastKnownFileType = sourcecode.c.objc; path = ViewController.m; sourceTree = "<group>"; };
		B3699C3B1D41BE9B0042CE17 /* Base */ = {isa = PBXFileReference; lastKnownFileType = file.storyboard; name = Base; path = Base.lproj/Main.storyboard; sourceTree = "<group>"; };
		B3699C3D1D41BE9B0042CE17 /* Assets.xcassets */ = {isa = PBXFileReference; lastKnownFileType = folder.assetcatalog; path = Assets.xcassets; sourceTree = "<group>"; };
		B3699C401D41BE9B0042CE17 /* Base */ = {isa = PBXFileReference; lastKnownFileType = file.storyboard; name = Base; path = Base.lproj/LaunchScreen.storyboard; sourceTree = "<group>"; };
		B3699C421D41BE9B0042CE17 /* Info.plist */ = {isa = PBXFileReference; lastKnownFileType = text.plist.xml; path = Info.plist; sourceTree = "<group>"; };
		B3699C461D41BEC10042CE17 /* Person.h */ = {isa = PBXFileReference; fileEncoding = 4; lastKnownFileType = sourcecode.c.h; path = Person.h; sourceTree = "<group>"; };
		B3699C471D41BEC10042CE17 /* Person.m */ = {isa = PBXFileReference; fileEncoding = 4; lastKnownFileType = sourcecode.c.objc; path = Person.m; sourceTree = "<group>"; };
		B3699C4D1D41CC270042CE17 /* Rumtime动态添加属性.app */ = {isa = PBXFileReference; explicitFileType = wrapper.application; includeInIndex = 0; path = "Rumtime动态添加属性.app"; sourceTree = BUILT_PRODUCTS_DIR; };
		B3699C501D41CC270042CE17 /* main.m */ = {isa = PBXFileReference; lastKnownFileType = sourcecode.c.objc; path = main.m; sourceTree = "<group>"; };
		B3699C521D41CC270042CE17 /* AppDelegate.h */ = {isa = PBXFileReference; lastKnownFileType = sourcecode.c.h; path = AppDelegate.h; sourceTree = "<group>"; };
		B3699C531D41CC270042CE17 /* AppDelegate.m */ = {isa = PBXFileReference; lastKnownFileType = sourcecode.c.objc; path = AppDelegate.m; sourceTree = "<group>"; };
		B3699C551D41CC270042CE17 /* ViewController.h */ = {isa = PBXFileReference; lastKnownFileType = sourcecode.c.h; path = ViewController.h; sourceTree = "<group>"; };
		B3699C561D41CC270042CE17 /* ViewController.m */ = {isa = PBXFileReference; lastKnownFileType = sourcecode.c.objc; path = ViewController.m; sourceTree = "<group>"; };
		B3699C591D41CC270042CE17 /* Base */ = {isa = PBXFileReference; lastKnownFileType = file.storyboard; name = Base; path = Base.lproj/Main.storyboard; sourceTree = "<group>"; };
		B3699C5B1D41CC270042CE17 /* Assets.xcassets */ = {isa = PBXFileReference; lastKnownFileType = folder.assetcatalog; path = Assets.xcassets; sourceTree = "<group>"; };
		B3699C5E1D41CC270042CE17 /* Base */ = {isa = PBXFileReference; lastKnownFileType = file.storyboard; name = Base; path = Base.lproj/LaunchScreen.storyboard; sourceTree = "<group>"; };
		B3699C601D41CC270042CE17 /* Info.plist */ = {isa = PBXFileReference; lastKnownFileType = text.plist.xml; path = Info.plist; sourceTree = "<group>"; };
		B3699C641D41CC890042CE17 /* NSObject+Objc.h */ = {isa = PBXFileReference; fileEncoding = 4; lastKnownFileType = sourcecode.c.h; path = "NSObject+Objc.h"; sourceTree = "<group>"; };
		B3699C651D41CC890042CE17 /* NSObject+Objc.m */ = {isa = PBXFileReference; fileEncoding = 4; lastKnownFileType = sourcecode.c.objc; path = "NSObject+Objc.m"; sourceTree = "<group>"; };
		B3699C6B1D41F3A10042CE17 /* Runtime字典转模型.app */ = {isa = PBXFileReference; explicitFileType = wrapper.application; includeInIndex = 0; path = "Runtime字典转模型.app"; sourceTree = BUILT_PRODUCTS_DIR; };
		B3699C6E1D41F3A10042CE17 /* main.m */ = {isa = PBXFileReference; lastKnownFileType = sourcecode.c.objc; path = main.m; sourceTree = "<group>"; };
		B3699C701D41F3A10042CE17 /* AppDelegate.h */ = {isa = PBXFileReference; lastKnownFileType = sourcecode.c.h; path = AppDelegate.h; sourceTree = "<group>"; };
		B3699C711D41F3A10042CE17 /* AppDelegate.m */ = {isa = PBXFileReference; lastKnownFileType = sourcecode.c.objc; path = AppDelegate.m; sourceTree = "<group>"; };
		B3699C731D41F3A10042CE17 /* ViewController.h */ = {isa = PBXFileReference; lastKnownFileType = sourcecode.c.h; path = ViewController.h; sourceTree = "<group>"; };
		B3699C741D41F3A10042CE17 /* ViewController.m */ = {isa = PBXFileReference; lastKnownFileType = sourcecode.c.objc; path = ViewController.m; sourceTree = "<group>"; };
		B3699C771D41F3A10042CE17 /* Base */ = {isa = PBXFileReference; lastKnownFileType = file.storyboard; name = Base; path = Base.lproj/Main.storyboard; sourceTree = "<group>"; };
		B3699C791D41F3A10042CE17 /* Assets.xcassets */ = {isa = PBXFileReference; lastKnownFileType = folder.assetcatalog; path = Assets.xcassets; sourceTree = "<group>"; };
		B3699C7C1D41F3A10042CE17 /* Base */ = {isa = PBXFileReference; lastKnownFileType = file.storyboard; name = Base; path = Base.lproj/LaunchScreen.storyboard; sourceTree = "<group>"; };
		B3699C7E1D41F3A10042CE17 /* Info.plist */ = {isa = PBXFileReference; lastKnownFileType = text.plist.xml; path = Info.plist; sourceTree = "<group>"; };
		B3699C821D41F3B30042CE17 /* status.plist */ = {isa = PBXFileReference; fileEncoding = 4; lastKnownFileType = text.plist.xml; path = status.plist; sourceTree = "<group>"; };
		B3699C841D41F4810042CE17 /* NSObject+Property.h */ = {isa = PBXFileReference; fileEncoding = 4; lastKnownFileType = sourcecode.c.h; path = "NSObject+Property.h"; sourceTree = "<group>"; };
		B3699C851D41F4810042CE17 /* NSObject+Property.m */ = {isa = PBXFileReference; fileEncoding = 4; lastKnownFileType = sourcecode.c.objc; path = "NSObject+Property.m"; sourceTree = "<group>"; };
/* End PBXFileReference section */

/* Begin PBXFrameworksBuildPhase section */
		B3451A511D40F89C004B334B /* Frameworks */ = {
			isa = PBXFrameworksBuildPhase;
			buildActionMask = 2147483647;
			files = (
			);
			runOnlyForDeploymentPostprocessing = 0;
		};
		B35D3E831D40A61300E08D4E /* Frameworks */ = {
			isa = PBXFrameworksBuildPhase;
			buildActionMask = 2147483647;
			files = (
			);
			runOnlyForDeploymentPostprocessing = 0;
		};
		B35D3EBD1D40AFBB00E08D4E /* Frameworks */ = {
			isa = PBXFrameworksBuildPhase;
			buildActionMask = 2147483647;
			files = (
			);
			runOnlyForDeploymentPostprocessing = 0;
		};
		B35D3F031D40BA6D00E08D4E /* Frameworks */ = {
			isa = PBXFrameworksBuildPhase;
			buildActionMask = 2147483647;
			files = (
			);
			runOnlyForDeploymentPostprocessing = 0;
		};
		B35D3F401D40C17F00E08D4E /* Frameworks */ = {
			isa = PBXFrameworksBuildPhase;
			buildActionMask = 2147483647;
			files = (
			);
			runOnlyForDeploymentPostprocessing = 0;
		};
		B3699C2C1D41BE9B0042CE17 /* Frameworks */ = {
			isa = PBXFrameworksBuildPhase;
			buildActionMask = 2147483647;
			files = (
			);
			runOnlyForDeploymentPostprocessing = 0;
		};
		B3699C4A1D41CC270042CE17 /* Frameworks */ = {
			isa = PBXFrameworksBuildPhase;
			buildActionMask = 2147483647;
			files = (
			);
			runOnlyForDeploymentPostprocessing = 0;
		};
		B3699C681D41F3A10042CE17 /* Frameworks */ = {
			isa = PBXFrameworksBuildPhase;
			buildActionMask = 2147483647;
			files = (
			);
			runOnlyForDeploymentPostprocessing = 0;
		};
/* End PBXFrameworksBuildPhase section */

/* Begin PBXGroup section */
		B3451A551D40F89C004B334B /* Runtime交换方法 */ = {
			isa = PBXGroup;
			children = (
				B3451A591D40F89C004B334B /* AppDelegate.h */,
				B3451A5A1D40F89C004B334B /* AppDelegate.m */,
				B3451A5C1D40F89C004B334B /* ViewController.h */,
				B3451A5D1D40F89C004B334B /* ViewController.m */,
				B3451A5F1D40F89C004B334B /* Main.storyboard */,
				B3451A621D40F89C004B334B /* Assets.xcassets */,
				B3451A641D40F89C004B334B /* LaunchScreen.storyboard */,
				B3451A671D40F89C004B334B /* Info.plist */,
				B3451A561D40F89C004B334B /* Supporting Files */,
				B3451A6B1D40F977004B334B /* UIImage+image.h */,
				B3451A6C1D40F977004B334B /* UIImage+image.m */,
			);
			path = "Runtime交换方法";
			sourceTree = "<group>";
		};
		B3451A561D40F89C004B334B /* Supporting Files */ = {
			isa = PBXGroup;
			children = (
				B3451A6E1D40FDE5004B334B /* line01.png */,
				B3451A571D40F89C004B334B /* main.m */,
			);
			name = "Supporting Files";
			sourceTree = "<group>";
		};
		B35D3E7D1D40A61300E08D4E = {
			isa = PBXGroup;
			children = (
				B35D3E881D40A61300E08D4E /* IOS新特性 */,
				B35D3EC11D40AFBB00E08D4E /* 泛型 */,
				B35D3F071D40BA6D00E08D4E /* 关键字_kindof */,
				B35D3F441D40C17F00E08D4E /* Runtime消息机制 */,
				B3451A551D40F89C004B334B /* Runtime交换方法 */,
				B3699C301D41BE9B0042CE17 /* Runtime动态添加方法 */,
				B3699C4E1D41CC270042CE17 /* Rumtime动态添加属性 */,
				B3699C6C1D41F3A10042CE17 /* Runtime字典转模型 */,
				B35D3E871D40A61300E08D4E /* Products */,
			);
			sourceTree = "<group>";
		};
		B35D3E871D40A61300E08D4E /* Products */ = {
			isa = PBXGroup;
			children = (
				B35D3E861D40A61300E08D4E /* IOS新特性.app */,
				B35D3EC01D40AFBB00E08D4E /* 泛型.app */,
				B35D3F061D40BA6D00E08D4E /* 关键字_kindof.app */,
				B35D3F431D40C17F00E08D4E /* Runtime消息机制.app */,
				B3451A541D40F89C004B334B /* Runtime交换方法.app */,
				B3699C2F1D41BE9B0042CE17 /* Runtime动态添加方法.app */,
				B3699C4D1D41CC270042CE17 /* Rumtime动态添加属性.app */,
				B3699C6B1D41F3A10042CE17 /* Runtime字典转模型.app */,
			);
			name = Products;
			sourceTree = "<group>";
		};
		B35D3E881D40A61300E08D4E /* IOS新特性 */ = {
			isa = PBXGroup;
			children = (
				B35D3E8C1D40A61300E08D4E /* AppDelegate.h */,
				B35D3E8D1D40A61300E08D4E /* AppDelegate.m */,
				B35D3E8F1D40A61300E08D4E /* ViewController.h */,
				B35D3E901D40A61300E08D4E /* ViewController.m */,
				B35D3E921D40A61300E08D4E /* Main.storyboard */,
				B35D3E951D40A61300E08D4E /* Assets.xcassets */,
				B35D3E971D40A61300E08D4E /* LaunchScreen.storyboard */,
				B35D3E9A1D40A61300E08D4E /* Info.plist */,
				B35D3E891D40A61300E08D4E /* Supporting Files */,
			);
			path = "IOS新特性";
			sourceTree = "<group>";
		};
		B35D3E891D40A61300E08D4E /* Supporting Files */ = {
			isa = PBXGroup;
			children = (
				B35D3E8A1D40A61300E08D4E /* main.m */,
			);
			name = "Supporting Files";
			sourceTree = "<group>";
		};
		B35D3EC11D40AFBB00E08D4E /* 泛型 */ = {
			isa = PBXGroup;
			children = (
				B35D3EC51D40AFBB00E08D4E /* AppDelegate.h */,
				B35D3EC61D40AFBB00E08D4E /* AppDelegate.m */,
				B35D3EC81D40AFBB00E08D4E /* ViewController.h */,
				B35D3EC91D40AFBB00E08D4E /* ViewController.m */,
				B35D3ECB1D40AFBB00E08D4E /* Main.storyboard */,
				B35D3ECE1D40AFBB00E08D4E /* Assets.xcassets */,
				B35D3ED01D40AFBB00E08D4E /* LaunchScreen.storyboard */,
				B35D3ED31D40AFBB00E08D4E /* Info.plist */,
				B35D3EC21D40AFBB00E08D4E /* Supporting Files */,
				B35D3EF31D40B1C200E08D4E /* NewsInfo.h */,
				B35D3EF41D40B1C200E08D4E /* NewsInfo.m */,
				B35D3EF61D40B30D00E08D4E /* Person.h */,
				B35D3EF71D40B30D00E08D4E /* Person.m */,
				B35D3EF91D40B31800E08D4E /* IOS.h */,
				B35D3EFA1D40B31800E08D4E /* IOS.m */,
				B35D3EFC1D40B32400E08D4E /* Java.h */,
				B35D3EFD1D40B32400E08D4E /* Java.m */,
				B35D3EFF1D40B34E00E08D4E /* Language.h */,
				B35D3F001D40B34E00E08D4E /* Language.m */,
			);
			path = "泛型";
			sourceTree = "<group>";
		};
		B35D3EC21D40AFBB00E08D4E /* Supporting Files */ = {
			isa = PBXGroup;
			children = (
				B35D3EC31D40AFBB00E08D4E /* main.m */,
			);
			name = "Supporting Files";
			sourceTree = "<group>";
		};
		B35D3F071D40BA6D00E08D4E /* 关键字_kindof */ = {
			isa = PBXGroup;
			children = (
				B35D3F0B1D40BA6D00E08D4E /* AppDelegate.h */,
				B35D3F0C1D40BA6D00E08D4E /* AppDelegate.m */,
				B35D3F0E1D40BA6D00E08D4E /* ViewController.h */,
				B35D3F0F1D40BA6D00E08D4E /* ViewController.m */,
				B35D3F111D40BA6D00E08D4E /* Main.storyboard */,
				B35D3F141D40BA6D00E08D4E /* Assets.xcassets */,
				B35D3F161D40BA6D00E08D4E /* LaunchScreen.storyboard */,
				B35D3F191D40BA6D00E08D4E /* Info.plist */,
				B35D3F081D40BA6D00E08D4E /* Supporting Files */,
				B35D3F391D40BD3C00E08D4E /* Person.h */,
				B35D3F3A1D40BD3C00E08D4E /* Person.m */,
				B35D3F3C1D40BD4B00E08D4E /* SonPerson.h */,
				B35D3F3D1D40BD4B00E08D4E /* SonPerson.m */,
			);
			path = "关键字_kindof";
			sourceTree = "<group>";
		};
		B35D3F081D40BA6D00E08D4E /* Supporting Files */ = {
			isa = PBXGroup;
			children = (
				B35D3F091D40BA6D00E08D4E /* main.m */,
			);
			name = "Supporting Files";
			sourceTree = "<group>";
		};
		B35D3F441D40C17F00E08D4E /* Runtime消息机制 */ = {
			isa = PBXGroup;
			children = (
				B35D3F481D40C17F00E08D4E /* AppDelegate.h */,
				B35D3F491D40C17F00E08D4E /* AppDelegate.m */,
				B35D3F4B1D40C17F00E08D4E /* ViewController.h */,
				B35D3F4C1D40C17F00E08D4E /* ViewController.m */,
				B35D3F4E1D40C17F00E08D4E /* Main.storyboard */,
				B35D3F511D40C17F00E08D4E /* Assets.xcassets */,
				B35D3F531D40C17F00E08D4E /* LaunchScreen.storyboard */,
				B35D3F561D40C17F00E08D4E /* Info.plist */,
				B35D3F451D40C17F00E08D4E /* Supporting Files */,
				B35D3F5A1D40C1B100E08D4E /* Person.h */,
				B35D3F5B1D40C1B100E08D4E /* Person.m */,
			);
			path = "Runtime消息机制";
			sourceTree = "<group>";
		};
		B35D3F451D40C17F00E08D4E /* Supporting Files */ = {
			isa = PBXGroup;
			children = (
				B35D3F461D40C17F00E08D4E /* main.m */,
			);
			name = "Supporting Files";
			sourceTree = "<group>";
		};
		B3699C301D41BE9B0042CE17 /* Runtime动态添加方法 */ = {
			isa = PBXGroup;
			children = (
				B3699C341D41BE9B0042CE17 /* AppDelegate.h */,
				B3699C351D41BE9B0042CE17 /* AppDelegate.m */,
				B3699C371D41BE9B0042CE17 /* ViewController.h */,
				B3699C381D41BE9B0042CE17 /* ViewController.m */,
				B3699C3A1D41BE9B0042CE17 /* Main.storyboard */,
				B3699C3D1D41BE9B0042CE17 /* Assets.xcassets */,
				B3699C3F1D41BE9B0042CE17 /* LaunchScreen.storyboard */,
				B3699C421D41BE9B0042CE17 /* Info.plist */,
				B3699C311D41BE9B0042CE17 /* Supporting Files */,
				B3699C461D41BEC10042CE17 /* Person.h */,
				B3699C471D41BEC10042CE17 /* Person.m */,
			);
			path = "Runtime动态添加方法";
			sourceTree = "<group>";
		};
		B3699C311D41BE9B0042CE17 /* Supporting Files */ = {
			isa = PBXGroup;
			children = (
				B3699C321D41BE9B0042CE17 /* main.m */,
			);
			name = "Supporting Files";
			sourceTree = "<group>";
		};
		B3699C4E1D41CC270042CE17 /* Rumtime动态添加属性 */ = {
			isa = PBXGroup;
			children = (
				B3699C641D41CC890042CE17 /* NSObject+Objc.h */,
				B3699C651D41CC890042CE17 /* NSObject+Objc.m */,
				B3699C521D41CC270042CE17 /* AppDelegate.h */,
				B3699C531D41CC270042CE17 /* AppDelegate.m */,
				B3699C551D41CC270042CE17 /* ViewController.h */,
				B3699C561D41CC270042CE17 /* ViewController.m */,
				B3699C581D41CC270042CE17 /* Main.storyboard */,
				B3699C5B1D41CC270042CE17 /* Assets.xcassets */,
				B3699C5D1D41CC270042CE17 /* LaunchScreen.storyboard */,
				B3699C601D41CC270042CE17 /* Info.plist */,
				B3699C4F1D41CC270042CE17 /* Supporting Files */,
			);
			path = "Rumtime动态添加属性";
			sourceTree = "<group>";
		};
		B3699C4F1D41CC270042CE17 /* Supporting Files */ = {
			isa = PBXGroup;
			children = (
				B3699C501D41CC270042CE17 /* main.m */,
			);
			name = "Supporting Files";
			sourceTree = "<group>";
		};
		B3699C6C1D41F3A10042CE17 /* Runtime字典转模型 */ = {
			isa = PBXGroup;
			children = (
				B3699C701D41F3A10042CE17 /* AppDelegate.h */,
				B3699C711D41F3A10042CE17 /* AppDelegate.m */,
				B3699C731D41F3A10042CE17 /* ViewController.h */,
				B3699C741D41F3A10042CE17 /* ViewController.m */,
				B3699C761D41F3A10042CE17 /* Main.storyboard */,
				B3699C791D41F3A10042CE17 /* Assets.xcassets */,
				B3699C7B1D41F3A10042CE17 /* LaunchScreen.storyboard */,
				B3699C7E1D41F3A10042CE17 /* Info.plist */,
				B3699C821D41F3B30042CE17 /* status.plist */,
				B3699C6D1D41F3A10042CE17 /* Supporting Files */,
				B3699C841D41F4810042CE17 /* NSObject+Property.h */,
				B3699C851D41F4810042CE17 /* NSObject+Property.m */,
			);
			path = "Runtime字典转模型";
			sourceTree = "<group>";
		};
		B3699C6D1D41F3A10042CE17 /* Supporting Files */ = {
			isa = PBXGroup;
			children = (
				B3699C6E1D41F3A10042CE17 /* main.m */,
			);
			name = "Supporting Files";
			sourceTree = "<group>";
		};
/* End PBXGroup section */

/* Begin PBXNativeTarget section */
		B3451A531D40F89C004B334B /* Runtime交换方法 */ = {
			isa = PBXNativeTarget;
			buildConfigurationList = B3451A6A1D40F89C004B334B /* Build configuration list for PBXNativeTarget "Runtime交换方法" */;
			buildPhases = (
				B3451A501D40F89C004B334B /* Sources */,
				B3451A511D40F89C004B334B /* Frameworks */,
				B3451A521D40F89C004B334B /* Resources */,
			);
			buildRules = (
			);
			dependencies = (
			);
			name = "Runtime交换方法";
			productName = "Runtime交换方法";
			productReference = B3451A541D40F89C004B334B /* Runtime交换方法.app */;
			productType = "com.apple.product-type.application";
		};
		B35D3E851D40A61300E08D4E /* IOS新特性 */ = {
			isa = PBXNativeTarget;
			buildConfigurationList = B35D3EB31D40A61300E08D4E /* Build configuration list for PBXNativeTarget "IOS新特性" */;
			buildPhases = (
				B35D3E821D40A61300E08D4E /* Sources */,
				B35D3E831D40A61300E08D4E /* Frameworks */,
				B35D3E841D40A61300E08D4E /* Resources */,
			);
			buildRules = (
			);
			dependencies = (
			);
			name = "IOS新特性";
			productName = "IOS新特性";
			productReference = B35D3E861D40A61300E08D4E /* IOS新特性.app */;
			productType = "com.apple.product-type.application";
		};
		B35D3EBF1D40AFBB00E08D4E /* 泛型 */ = {
			isa = PBXNativeTarget;
			buildConfigurationList = B35D3EF01D40AFBB00E08D4E /* Build configuration list for PBXNativeTarget "泛型" */;
			buildPhases = (
				B35D3EBC1D40AFBB00E08D4E /* Sources */,
				B35D3EBD1D40AFBB00E08D4E /* Frameworks */,
				B35D3EBE1D40AFBB00E08D4E /* Resources */,
			);
			buildRules = (
			);
			dependencies = (
			);
			name = "泛型";
			productName = "泛型";
			productReference = B35D3EC01D40AFBB00E08D4E /* 泛型.app */;
			productType = "com.apple.product-type.application";
		};
		B35D3F051D40BA6D00E08D4E /* 关键字_kindof */ = {
			isa = PBXNativeTarget;
			buildConfigurationList = B35D3F301D40BA6D00E08D4E /* Build configuration list for PBXNativeTarget "关键字_kindof" */;
			buildPhases = (
				B35D3F021D40BA6D00E08D4E /* Sources */,
				B35D3F031D40BA6D00E08D4E /* Frameworks */,
				B35D3F041D40BA6D00E08D4E /* Resources */,
			);
			buildRules = (
			);
			dependencies = (
			);
			name = "关键字_kindof";
			productName = "关键字_kindof";
			productReference = B35D3F061D40BA6D00E08D4E /* 关键字_kindof.app */;
			productType = "com.apple.product-type.application";
		};
		B35D3F421D40C17F00E08D4E /* Runtime消息机制 */ = {
			isa = PBXNativeTarget;
			buildConfigurationList = B35D3F571D40C17F00E08D4E /* Build configuration list for PBXNativeTarget "Runtime消息机制" */;
			buildPhases = (
				B35D3F3F1D40C17F00E08D4E /* Sources */,
				B35D3F401D40C17F00E08D4E /* Frameworks */,
				B35D3F411D40C17F00E08D4E /* Resources */,
			);
			buildRules = (
			);
			dependencies = (
			);
			name = "Runtime消息机制";
			productName = "Runtime消息机制";
			productReference = B35D3F431D40C17F00E08D4E /* Runtime消息机制.app */;
			productType = "com.apple.product-type.application";
		};
		B3699C2E1D41BE9B0042CE17 /* Runtime动态添加方法 */ = {
			isa = PBXNativeTarget;
			buildConfigurationList = B3699C451D41BE9B0042CE17 /* Build configuration list for PBXNativeTarget "Runtime动态添加方法" */;
			buildPhases = (
				B3699C2B1D41BE9B0042CE17 /* Sources */,
				B3699C2C1D41BE9B0042CE17 /* Frameworks */,
				B3699C2D1D41BE9B0042CE17 /* Resources */,
			);
			buildRules = (
			);
			dependencies = (
			);
			name = "Runtime动态添加方法";
			productName = "Runtime动态添加方法";
			productReference = B3699C2F1D41BE9B0042CE17 /* Runtime动态添加方法.app */;
			productType = "com.apple.product-type.application";
		};
		B3699C4C1D41CC270042CE17 /* Rumtime动态添加属性 */ = {
			isa = PBXNativeTarget;
			buildConfigurationList = B3699C611D41CC270042CE17 /* Build configuration list for PBXNativeTarget "Rumtime动态添加属性" */;
			buildPhases = (
				B3699C491D41CC270042CE17 /* Sources */,
				B3699C4A1D41CC270042CE17 /* Frameworks */,
				B3699C4B1D41CC270042CE17 /* Resources */,
			);
			buildRules = (
			);
			dependencies = (
			);
			name = "Rumtime动态添加属性";
			productName = "Rumtime动态添加属性";
			productReference = B3699C4D1D41CC270042CE17 /* Rumtime动态添加属性.app */;
			productType = "com.apple.product-type.application";
		};
		B3699C6A1D41F3A10042CE17 /* Runtime字典转模型 */ = {
			isa = PBXNativeTarget;
			buildConfigurationList = B3699C7F1D41F3A10042CE17 /* Build configuration list for PBXNativeTarget "Runtime字典转模型" */;
			buildPhases = (
				B3699C671D41F3A10042CE17 /* Sources */,
				B3699C681D41F3A10042CE17 /* Frameworks */,
				B3699C691D41F3A10042CE17 /* Resources */,
			);
			buildRules = (
			);
			dependencies = (
			);
			name = "Runtime字典转模型";
			productName = "Runtime字典转模型";
			productReference = B3699C6B1D41F3A10042CE17 /* Runtime字典转模型.app */;
			productType = "com.apple.product-type.application";
		};
/* End PBXNativeTarget section */

/* Begin PBXProject section */
		B35D3E7E1D40A61300E08D4E /* Project object */ = {
			isa = PBXProject;
			attributes = {
				LastUpgradeCheck = 0730;
				ORGANIZATIONNAME = leo;
				TargetAttributes = {
					B3451A531D40F89C004B334B = {
						CreatedOnToolsVersion = 7.3.1;
					};
					B35D3E851D40A61300E08D4E = {
						CreatedOnToolsVersion = 7.3.1;
					};
					B35D3EBF1D40AFBB00E08D4E = {
						CreatedOnToolsVersion = 7.3.1;
					};
					B35D3F051D40BA6D00E08D4E = {
						CreatedOnToolsVersion = 7.3.1;
					};
					B35D3F421D40C17F00E08D4E = {
						CreatedOnToolsVersion = 7.3.1;
					};
					B3699C2E1D41BE9B0042CE17 = {
						CreatedOnToolsVersion = 7.3.1;
					};
					B3699C4C1D41CC270042CE17 = {
						CreatedOnToolsVersion = 7.3.1;
					};
					B3699C6A1D41F3A10042CE17 = {
						CreatedOnToolsVersion = 7.3.1;
					};
				};
			};
			buildConfigurationList = B35D3E811D40A61300E08D4E /* Build configuration list for PBXProject "IOS新特性" */;
			compatibilityVersion = "Xcode 3.2";
			developmentRegion = English;
			hasScannedForEncodings = 0;
			knownRegions = (
				en,
				Base,
			);
			mainGroup = B35D3E7D1D40A61300E08D4E;
			productRefGroup = B35D3E871D40A61300E08D4E /* Products */;
			projectDirPath = "";
			projectRoot = "";
			targets = (
				B35D3E851D40A61300E08D4E /* IOS新特性 */,
				B35D3EBF1D40AFBB00E08D4E /* 泛型 */,
				B35D3F051D40BA6D00E08D4E /* 关键字_kindof */,
				B35D3F421D40C17F00E08D4E /* Runtime消息机制 */,
				B3451A531D40F89C004B334B /* Runtime交换方法 */,
				B3699C2E1D41BE9B0042CE17 /* Runtime动态添加方法 */,
				B3699C4C1D41CC270042CE17 /* Rumtime动态添加属性 */,
				B3699C6A1D41F3A10042CE17 /* Runtime字典转模型 */,
			);
		};
/* End PBXProject section */

/* Begin PBXResourcesBuildPhase section */
		B3451A521D40F89C004B334B /* Resources */ = {
			isa = PBXResourcesBuildPhase;
			buildActionMask = 2147483647;
			files = (
				B3451A661D40F89C004B334B /* LaunchScreen.storyboard in Resources */,
				B3451A631D40F89C004B334B /* Assets.xcassets in Resources */,
				B3451A6F1D40FDE5004B334B /* line01.png in Resources */,
				B3451A611D40F89C004B334B /* Main.storyboard in Resources */,
			);
			runOnlyForDeploymentPostprocessing = 0;
		};
		B35D3E841D40A61300E08D4E /* Resources */ = {
			isa = PBXResourcesBuildPhase;
			buildActionMask = 2147483647;
			files = (
				B35D3E991D40A61300E08D4E /* LaunchScreen.storyboard in Resources */,
				B35D3E961D40A61300E08D4E /* Assets.xcassets in Resources */,
				B35D3E941D40A61300E08D4E /* Main.storyboard in Resources */,
			);
			runOnlyForDeploymentPostprocessing = 0;
		};
		B35D3EBE1D40AFBB00E08D4E /* Resources */ = {
			isa = PBXResourcesBuildPhase;
			buildActionMask = 2147483647;
			files = (
				B35D3ED21D40AFBB00E08D4E /* LaunchScreen.storyboard in Resources */,
				B35D3ECF1D40AFBB00E08D4E /* Assets.xcassets in Resources */,
				B35D3ECD1D40AFBB00E08D4E /* Main.storyboard in Resources */,
			);
			runOnlyForDeploymentPostprocessing = 0;
		};
		B35D3F041D40BA6D00E08D4E /* Resources */ = {
			isa = PBXResourcesBuildPhase;
			buildActionMask = 2147483647;
			files = (
				B35D3F181D40BA6D00E08D4E /* LaunchScreen.storyboard in Resources */,
				B35D3F151D40BA6D00E08D4E /* Assets.xcassets in Resources */,
				B35D3F131D40BA6D00E08D4E /* Main.storyboard in Resources */,
			);
			runOnlyForDeploymentPostprocessing = 0;
		};
		B35D3F411D40C17F00E08D4E /* Resources */ = {
			isa = PBXResourcesBuildPhase;
			buildActionMask = 2147483647;
			files = (
				B35D3F551D40C17F00E08D4E /* LaunchScreen.storyboard in Resources */,
				B35D3F521D40C17F00E08D4E /* Assets.xcassets in Resources */,
				B35D3F501D40C17F00E08D4E /* Main.storyboard in Resources */,
			);
			runOnlyForDeploymentPostprocessing = 0;
		};
		B3699C2D1D41BE9B0042CE17 /* Resources */ = {
			isa = PBXResourcesBuildPhase;
			buildActionMask = 2147483647;
			files = (
				B3699C411D41BE9B0042CE17 /* LaunchScreen.storyboard in Resources */,
				B3699C3E1D41BE9B0042CE17 /* Assets.xcassets in Resources */,
				B3699C3C1D41BE9B0042CE17 /* Main.storyboard in Resources */,
			);
			runOnlyForDeploymentPostprocessing = 0;
		};
		B3699C4B1D41CC270042CE17 /* Resources */ = {
			isa = PBXResourcesBuildPhase;
			buildActionMask = 2147483647;
			files = (
				B3699C5F1D41CC270042CE17 /* LaunchScreen.storyboard in Resources */,
				B3699C5C1D41CC270042CE17 /* Assets.xcassets in Resources */,
				B3699C5A1D41CC270042CE17 /* Main.storyboard in Resources */,
			);
			runOnlyForDeploymentPostprocessing = 0;
		};
		B3699C691D41F3A10042CE17 /* Resources */ = {
			isa = PBXResourcesBuildPhase;
			buildActionMask = 2147483647;
			files = (
				B3699C7D1D41F3A10042CE17 /* LaunchScreen.storyboard in Resources */,
				B3699C7A1D41F3A10042CE17 /* Assets.xcassets in Resources */,
				B3699C831D41F3B30042CE17 /* status.plist in Resources */,
				B3699C781D41F3A10042CE17 /* Main.storyboard in Resources */,
			);
			runOnlyForDeploymentPostprocessing = 0;
		};
/* End PBXResourcesBuildPhase section */

/* Begin PBXSourcesBuildPhase section */
		B3451A501D40F89C004B334B /* Sources */ = {
			isa = PBXSourcesBuildPhase;
			buildActionMask = 2147483647;
			files = (
				B3451A5E1D40F89C004B334B /* ViewController.m in Sources */,
				B3451A6D1D40F977004B334B /* UIImage+image.m in Sources */,
				B3451A5B1D40F89C004B334B /* AppDelegate.m in Sources */,
				B3451A581D40F89C004B334B /* main.m in Sources */,
			);
			runOnlyForDeploymentPostprocessing = 0;
		};
		B35D3E821D40A61300E08D4E /* Sources */ = {
			isa = PBXSourcesBuildPhase;
			buildActionMask = 2147483647;
			files = (
				B35D3E911D40A61300E08D4E /* ViewController.m in Sources */,
				B35D3E8E1D40A61300E08D4E /* AppDelegate.m in Sources */,
				B35D3E8B1D40A61300E08D4E /* main.m in Sources */,
			);
			runOnlyForDeploymentPostprocessing = 0;
		};
		B35D3EBC1D40AFBB00E08D4E /* Sources */ = {
			isa = PBXSourcesBuildPhase;
			buildActionMask = 2147483647;
			files = (
				B35D3ECA1D40AFBB00E08D4E /* ViewController.m in Sources */,
				B35D3F011D40B34E00E08D4E /* Language.m in Sources */,
				B35D3EFE1D40B32400E08D4E /* Java.m in Sources */,
				B35D3EC71D40AFBB00E08D4E /* AppDelegate.m in Sources */,
				B35D3EF81D40B30D00E08D4E /* Person.m in Sources */,
				B35D3EFB1D40B31800E08D4E /* IOS.m in Sources */,
				B35D3EF51D40B1C200E08D4E /* NewsInfo.m in Sources */,
				B35D3EC41D40AFBB00E08D4E /* main.m in Sources */,
			);
			runOnlyForDeploymentPostprocessing = 0;
		};
		B35D3F021D40BA6D00E08D4E /* Sources */ = {
			isa = PBXSourcesBuildPhase;
			buildActionMask = 2147483647;
			files = (
				B35D3F101D40BA6D00E08D4E /* ViewController.m in Sources */,
				B35D3F3E1D40BD4B00E08D4E /* SonPerson.m in Sources */,
				B35D3F0D1D40BA6D00E08D4E /* AppDelegate.m in Sources */,
				B35D3F3B1D40BD3C00E08D4E /* Person.m in Sources */,
				B35D3F0A1D40BA6D00E08D4E /* main.m in Sources */,
			);
			runOnlyForDeploymentPostprocessing = 0;
		};
		B35D3F3F1D40C17F00E08D4E /* Sources */ = {
			isa = PBXSourcesBuildPhase;
			buildActionMask = 2147483647;
			files = (
				B35D3F4D1D40C17F00E08D4E /* ViewController.m in Sources */,
				B35D3F4A1D40C17F00E08D4E /* AppDelegate.m in Sources */,
				B35D3F5C1D40C1B100E08D4E /* Person.m in Sources */,
				B35D3F471D40C17F00E08D4E /* main.m in Sources */,
			);
			runOnlyForDeploymentPostprocessing = 0;
		};
		B3699C2B1D41BE9B0042CE17 /* Sources */ = {
			isa = PBXSourcesBuildPhase;
			buildActionMask = 2147483647;
			files = (
				B3699C391D41BE9B0042CE17 /* ViewController.m in Sources */,
				B3699C361D41BE9B0042CE17 /* AppDelegate.m in Sources */,
				B3699C481D41BEC10042CE17 /* Person.m in Sources */,
				B3699C331D41BE9B0042CE17 /* main.m in Sources */,
			);
			runOnlyForDeploymentPostprocessing = 0;
		};
		B3699C491D41CC270042CE17 /* Sources */ = {
			isa = PBXSourcesBuildPhase;
			buildActionMask = 2147483647;
			files = (
				B3699C571D41CC270042CE17 /* ViewController.m in Sources */,
				B3699C541D41CC270042CE17 /* AppDelegate.m in Sources */,
				B3699C511D41CC270042CE17 /* main.m in Sources */,
				B3699C661D41CC890042CE17 /* NSObject+Objc.m in Sources */,
			);
			runOnlyForDeploymentPostprocessing = 0;
		};
		B3699C671D41F3A10042CE17 /* Sources */ = {
			isa = PBXSourcesBuildPhase;
			buildActionMask = 2147483647;
			files = (
				B3699C751D41F3A10042CE17 /* ViewController.m in Sources */,
				B3699C721D41F3A10042CE17 /* AppDelegate.m in Sources */,
				B3699C861D41F4810042CE17 /* NSObject+Property.m in Sources */,
				B3699C6F1D41F3A10042CE17 /* main.m in Sources */,
			);
			runOnlyForDeploymentPostprocessing = 0;
		};
/* End PBXSourcesBuildPhase section */

/* Begin PBXVariantGroup section */
		B3451A5F1D40F89C004B334B /* Main.storyboard */ = {
			isa = PBXVariantGroup;
			children = (
				B3451A601D40F89C004B334B /* Base */,
			);
			name = Main.storyboard;
			sourceTree = "<group>";
		};
		B3451A641D40F89C004B334B /* LaunchScreen.storyboard */ = {
			isa = PBXVariantGroup;
			children = (
				B3451A651D40F89C004B334B /* Base */,
			);
			name = LaunchScreen.storyboard;
			sourceTree = "<group>";
		};
		B35D3E921D40A61300E08D4E /* Main.storyboard */ = {
			isa = PBXVariantGroup;
			children = (
				B35D3E931D40A61300E08D4E /* Base */,
			);
			name = Main.storyboard;
			sourceTree = "<group>";
		};
		B35D3E971D40A61300E08D4E /* LaunchScreen.storyboard */ = {
			isa = PBXVariantGroup;
			children = (
				B35D3E981D40A61300E08D4E /* Base */,
			);
			name = LaunchScreen.storyboard;
			sourceTree = "<group>";
		};
		B35D3ECB1D40AFBB00E08D4E /* Main.storyboard */ = {
			isa = PBXVariantGroup;
			children = (
				B35D3ECC1D40AFBB00E08D4E /* Base */,
			);
			name = Main.storyboard;
			sourceTree = "<group>";
		};
		B35D3ED01D40AFBB00E08D4E /* LaunchScreen.storyboard */ = {
			isa = PBXVariantGroup;
			children = (
				B35D3ED11D40AFBB00E08D4E /* Base */,
			);
			name = LaunchScreen.storyboard;
			sourceTree = "<group>";
		};
		B35D3F111D40BA6D00E08D4E /* Main.storyboard */ = {
			isa = PBXVariantGroup;
			children = (
				B35D3F121D40BA6D00E08D4E /* Base */,
			);
			name = Main.storyboard;
			sourceTree = "<group>";
		};
		B35D3F161D40BA6D00E08D4E /* LaunchScreen.storyboard */ = {
			isa = PBXVariantGroup;
			children = (
				B35D3F171D40BA6D00E08D4E /* Base */,
			);
			name = LaunchScreen.storyboard;
			sourceTree = "<group>";
		};
		B35D3F4E1D40C17F00E08D4E /* Main.storyboard */ = {
			isa = PBXVariantGroup;
			children = (
				B35D3F4F1D40C17F00E08D4E /* Base */,
			);
			name = Main.storyboard;
			sourceTree = "<group>";
		};
		B35D3F531D40C17F00E08D4E /* LaunchScreen.storyboard */ = {
			isa = PBXVariantGroup;
			children = (
				B35D3F541D40C17F00E08D4E /* Base */,
			);
			name = LaunchScreen.storyboard;
			sourceTree = "<group>";
		};
		B3699C3A1D41BE9B0042CE17 /* Main.storyboard */ = {
			isa = PBXVariantGroup;
			children = (
				B3699C3B1D41BE9B0042CE17 /* Base */,
			);
			name = Main.storyboard;
			sourceTree = "<group>";
		};
		B3699C3F1D41BE9B0042CE17 /* LaunchScreen.storyboard */ = {
			isa = PBXVariantGroup;
			children = (
				B3699C401D41BE9B0042CE17 /* Base */,
			);
			name = LaunchScreen.storyboard;
			sourceTree = "<group>";
		};
		B3699C581D41CC270042CE17 /* Main.storyboard */ = {
			isa = PBXVariantGroup;
			children = (
				B3699C591D41CC270042CE17 /* Base */,
			);
			name = Main.storyboard;
			sourceTree = "<group>";
		};
		B3699C5D1D41CC270042CE17 /* LaunchScreen.storyboard */ = {
			isa = PBXVariantGroup;
			children = (
				B3699C5E1D41CC270042CE17 /* Base */,
			);
			name = LaunchScreen.storyboard;
			sourceTree = "<group>";
		};
		B3699C761D41F3A10042CE17 /* Main.storyboard */ = {
			isa = PBXVariantGroup;
			children = (
				B3699C771D41F3A10042CE17 /* Base */,
			);
			name = Main.storyboard;
			sourceTree = "<group>";
		};
		B3699C7B1D41F3A10042CE17 /* LaunchScreen.storyboard */ = {
			isa = PBXVariantGroup;
			children = (
				B3699C7C1D41F3A10042CE17 /* Base */,
			);
			name = LaunchScreen.storyboard;
			sourceTree = "<group>";
		};
/* End PBXVariantGroup section */

/* Begin XCBuildConfiguration section */
		B3451A681D40F89C004B334B /* Debug */ = {
			isa = XCBuildConfiguration;
			buildSettings = {
				ASSETCATALOG_COMPILER_APPICON_NAME = AppIcon;
				ENABLE_STRICT_OBJC_MSGSEND = YES;
				INFOPLIST_FILE = "Runtime交换方法/Info.plist";
				LD_RUNPATH_SEARCH_PATHS = "$(inherited) @executable_path/Frameworks";
				PRODUCT_BUNDLE_IDENTIFIER = "com.microleo.Runtime----";
				PRODUCT_NAME = "$(TARGET_NAME)";
			};
			name = Debug;
		};
		B3451A691D40F89C004B334B /* Release */ = {
			isa = XCBuildConfiguration;
			buildSettings = {
				ASSETCATALOG_COMPILER_APPICON_NAME = AppIcon;
				ENABLE_STRICT_OBJC_MSGSEND = YES;
				INFOPLIST_FILE = "Runtime交换方法/Info.plist";
				LD_RUNPATH_SEARCH_PATHS = "$(inherited) @executable_path/Frameworks";
				PRODUCT_BUNDLE_IDENTIFIER = "com.microleo.Runtime----";
				PRODUCT_NAME = "$(TARGET_NAME)";
			};
			name = Release;
		};
		B35D3EB11D40A61300E08D4E /* Debug */ = {
			isa = XCBuildConfiguration;
			buildSettings = {
				ALWAYS_SEARCH_USER_PATHS = NO;
				CLANG_ANALYZER_NONNULL = YES;
				CLANG_CXX_LANGUAGE_STANDARD = "gnu++0x";
				CLANG_CXX_LIBRARY = "libc++";
				CLANG_ENABLE_MODULES = YES;
				CLANG_ENABLE_OBJC_ARC = YES;
				CLANG_WARN_BOOL_CONVERSION = YES;
				CLANG_WARN_CONSTANT_CONVERSION = YES;
				CLANG_WARN_DIRECT_OBJC_ISA_USAGE = YES_ERROR;
				CLANG_WARN_EMPTY_BODY = YES;
				CLANG_WARN_ENUM_CONVERSION = YES;
				CLANG_WARN_INT_CONVERSION = YES;
				CLANG_WARN_OBJC_ROOT_CLASS = YES_ERROR;
				CLANG_WARN_UNREACHABLE_CODE = YES;
				CLANG_WARN__DUPLICATE_METHOD_MATCH = YES;
				"CODE_SIGN_IDENTITY[sdk=iphoneos*]" = "iPhone Developer";
				COPY_PHASE_STRIP = NO;
				DEBUG_INFORMATION_FORMAT = dwarf;
				ENABLE_STRICT_OBJC_MSGSEND = NO;
				ENABLE_TESTABILITY = YES;
				GCC_C_LANGUAGE_STANDARD = gnu99;
				GCC_DYNAMIC_NO_PIC = NO;
				GCC_NO_COMMON_BLOCKS = YES;
				GCC_OPTIMIZATION_LEVEL = 0;
				GCC_PREPROCESSOR_DEFINITIONS = (
					"DEBUG=1",
					"$(inherited)",
				);
				GCC_WARN_64_TO_32_BIT_CONVERSION = YES;
				GCC_WARN_ABOUT_RETURN_TYPE = YES_ERROR;
				GCC_WARN_UNDECLARED_SELECTOR = YES;
				GCC_WARN_UNINITIALIZED_AUTOS = YES_AGGRESSIVE;
				GCC_WARN_UNUSED_FUNCTION = YES;
				GCC_WARN_UNUSED_VARIABLE = YES;
				IPHONEOS_DEPLOYMENT_TARGET = 9.3;
				MTL_ENABLE_DEBUG_INFO = YES;
				ONLY_ACTIVE_ARCH = YES;
				SDKROOT = iphoneos;
				TARGETED_DEVICE_FAMILY = "1,2";
			};
			name = Debug;
		};
		B35D3EB21D40A61300E08D4E /* Release */ = {
			isa = XCBuildConfiguration;
			buildSettings = {
				ALWAYS_SEARCH_USER_PATHS = NO;
				CLANG_ANALYZER_NONNULL = YES;
				CLANG_CXX_LANGUAGE_STANDARD = "gnu++0x";
				CLANG_CXX_LIBRARY = "libc++";
				CLANG_ENABLE_MODULES = YES;
				CLANG_ENABLE_OBJC_ARC = YES;
				CLANG_WARN_BOOL_CONVERSION = YES;
				CLANG_WARN_CONSTANT_CONVERSION = YES;
				CLANG_WARN_DIRECT_OBJC_ISA_USAGE = YES_ERROR;
				CLANG_WARN_EMPTY_BODY = YES;
				CLANG_WARN_ENUM_CONVERSION = YES;
				CLANG_WARN_INT_CONVERSION = YES;
				CLANG_WARN_OBJC_ROOT_CLASS = YES_ERROR;
				CLANG_WARN_UNREACHABLE_CODE = YES;
				CLANG_WARN__DUPLICATE_METHOD_MATCH = YES;
				"CODE_SIGN_IDENTITY[sdk=iphoneos*]" = "iPhone Developer";
				COPY_PHASE_STRIP = NO;
				DEBUG_INFORMATION_FORMAT = "dwarf-with-dsym";
				ENABLE_NS_ASSERTIONS = NO;
				ENABLE_STRICT_OBJC_MSGSEND = NO;
				GCC_C_LANGUAGE_STANDARD = gnu99;
				GCC_NO_COMMON_BLOCKS = YES;
				GCC_WARN_64_TO_32_BIT_CONVERSION = YES;
				GCC_WARN_ABOUT_RETURN_TYPE = YES_ERROR;
				GCC_WARN_UNDECLARED_SELECTOR = YES;
				GCC_WARN_UNINITIALIZED_AUTOS = YES_AGGRESSIVE;
				GCC_WARN_UNUSED_FUNCTION = YES;
				GCC_WARN_UNUSED_VARIABLE = YES;
				IPHONEOS_DEPLOYMENT_TARGET = 9.3;
				MTL_ENABLE_DEBUG_INFO = NO;
				SDKROOT = iphoneos;
				TARGETED_DEVICE_FAMILY = "1,2";
				VALIDATE_PRODUCT = YES;
			};
			name = Release;
		};
		B35D3EB41D40A61300E08D4E /* Debug */ = {
			isa = XCBuildConfiguration;
			buildSettings = {
				ASSETCATALOG_COMPILER_APPICON_NAME = AppIcon;
				INFOPLIST_FILE = "IOS新特性/Info.plist";
				LD_RUNPATH_SEARCH_PATHS = "$(inherited) @executable_path/Frameworks";
				PRODUCT_BUNDLE_IDENTIFIER = "com.microleo.IOS---";
				PRODUCT_NAME = "$(TARGET_NAME)";
			};
			name = Debug;
		};
		B35D3EB51D40A61300E08D4E /* Release */ = {
			isa = XCBuildConfiguration;
			buildSettings = {
				ASSETCATALOG_COMPILER_APPICON_NAME = AppIcon;
				INFOPLIST_FILE = "IOS新特性/Info.plist";
				LD_RUNPATH_SEARCH_PATHS = "$(inherited) @executable_path/Frameworks";
				PRODUCT_BUNDLE_IDENTIFIER = "com.microleo.IOS---";
				PRODUCT_NAME = "$(TARGET_NAME)";
			};
			name = Release;
		};
		B35D3EEA1D40AFBB00E08D4E /* Debug */ = {
			isa = XCBuildConfiguration;
			buildSettings = {
				ASSETCATALOG_COMPILER_APPICON_NAME = AppIcon;
				INFOPLIST_FILE = "泛型/Info.plist";
				LD_RUNPATH_SEARCH_PATHS = "$(inherited) @executable_path/Frameworks";
				PRODUCT_BUNDLE_IDENTIFIER = "com.microleo.--";
				PRODUCT_NAME = "$(TARGET_NAME)";
			};
			name = Debug;
		};
		B35D3EEB1D40AFBB00E08D4E /* Release */ = {
			isa = XCBuildConfiguration;
			buildSettings = {
				ASSETCATALOG_COMPILER_APPICON_NAME = AppIcon;
				INFOPLIST_FILE = "泛型/Info.plist";
				LD_RUNPATH_SEARCH_PATHS = "$(inherited) @executable_path/Frameworks";
				PRODUCT_BUNDLE_IDENTIFIER = "com.microleo.--";
				PRODUCT_NAME = "$(TARGET_NAME)";
			};
			name = Release;
		};
		B35D3F311D40BA6D00E08D4E /* Debug */ = {
			isa = XCBuildConfiguration;
			buildSettings = {
				ASSETCATALOG_COMPILER_APPICON_NAME = AppIcon;
				INFOPLIST_FILE = "关键字_kindof/Info.plist";
				LD_RUNPATH_SEARCH_PATHS = "$(inherited) @executable_path/Frameworks";
				PRODUCT_BUNDLE_IDENTIFIER = "com.microleo.----kindof";
				PRODUCT_NAME = "$(TARGET_NAME)";
			};
			name = Debug;
		};
		B35D3F321D40BA6D00E08D4E /* Release */ = {
			isa = XCBuildConfiguration;
			buildSettings = {
				ASSETCATALOG_COMPILER_APPICON_NAME = AppIcon;
				INFOPLIST_FILE = "关键字_kindof/Info.plist";
				LD_RUNPATH_SEARCH_PATHS = "$(inherited) @executable_path/Frameworks";
				PRODUCT_BUNDLE_IDENTIFIER = "com.microleo.----kindof";
				PRODUCT_NAME = "$(TARGET_NAME)";
			};
			name = Release;
		};
		B35D3F581D40C17F00E08D4E /* Debug */ = {
			isa = XCBuildConfiguration;
			buildSettings = {
				ASSETCATALOG_COMPILER_APPICON_NAME = AppIcon;
				INFOPLIST_FILE = "Runtime消息机制/Info.plist";
				LD_RUNPATH_SEARCH_PATHS = "$(inherited) @executable_path/Frameworks";
				PRODUCT_BUNDLE_IDENTIFIER = "com.microleo.Runtime----";
				PRODUCT_NAME = "$(TARGET_NAME)";
			};
			name = Debug;
		};
		B35D3F591D40C17F00E08D4E /* Release */ = {
			isa = XCBuildConfiguration;
			buildSettings = {
				ASSETCATALOG_COMPILER_APPICON_NAME = AppIcon;
				INFOPLIST_FILE = "Runtime消息机制/Info.plist";
				LD_RUNPATH_SEARCH_PATHS = "$(inherited) @executable_path/Frameworks";
				PRODUCT_BUNDLE_IDENTIFIER = "com.microleo.Runtime----";
				PRODUCT_NAME = "$(TARGET_NAME)";
			};
			name = Release;
		};
		B3699C431D41BE9B0042CE17 /* Debug */ = {
			isa = XCBuildConfiguration;
			buildSettings = {
				ASSETCATALOG_COMPILER_APPICON_NAME = AppIcon;
				ENABLE_STRICT_OBJC_MSGSEND = YES;
				INFOPLIST_FILE = "Runtime动态添加方法/Info.plist";
				LD_RUNPATH_SEARCH_PATHS = "$(inherited) @executable_path/Frameworks";
				PRODUCT_BUNDLE_IDENTIFIER = "com.microleo.Runtime------";
				PRODUCT_NAME = "$(TARGET_NAME)";
			};
			name = Debug;
		};
		B3699C441D41BE9B0042CE17 /* Release */ = {
			isa = XCBuildConfiguration;
			buildSettings = {
				ASSETCATALOG_COMPILER_APPICON_NAME = AppIcon;
				ENABLE_STRICT_OBJC_MSGSEND = YES;
				INFOPLIST_FILE = "Runtime动态添加方法/Info.plist";
				LD_RUNPATH_SEARCH_PATHS = "$(inherited) @executable_path/Frameworks";
				PRODUCT_BUNDLE_IDENTIFIER = "com.microleo.Runtime------";
				PRODUCT_NAME = "$(TARGET_NAME)";
			};
			name = Release;
		};
		B3699C621D41CC270042CE17 /* Debug */ = {
			isa = XCBuildConfiguration;
			buildSettings = {
				ASSETCATALOG_COMPILER_APPICON_NAME = AppIcon;
				ENABLE_STRICT_OBJC_MSGSEND = YES;
				INFOPLIST_FILE = "Rumtime动态添加属性/Info.plist";
				LD_RUNPATH_SEARCH_PATHS = "$(inherited) @executable_path/Frameworks";
				PRODUCT_BUNDLE_IDENTIFIER = "com.microleo.Rumtime------";
				PRODUCT_NAME = "$(TARGET_NAME)";
			};
			name = Debug;
		};
		B3699C631D41CC270042CE17 /* Release */ = {
			isa = XCBuildConfiguration;
			buildSettings = {
				ASSETCATALOG_COMPILER_APPICON_NAME = AppIcon;
				ENABLE_STRICT_OBJC_MSGSEND = YES;
				INFOPLIST_FILE = "Rumtime动态添加属性/Info.plist";
				LD_RUNPATH_SEARCH_PATHS = "$(inherited) @executable_path/Frameworks";
				PRODUCT_BUNDLE_IDENTIFIER = "com.microleo.Rumtime------";
				PRODUCT_NAME = "$(TARGET_NAME)";
			};
			name = Release;
		};
		B3699C801D41F3A10042CE17 /* Debug */ = {
			isa = XCBuildConfiguration;
			buildSettings = {
				ASSETCATALOG_COMPILER_APPICON_NAME = AppIcon;
				ENABLE_STRICT_OBJC_MSGSEND = YES;
				INFOPLIST_FILE = "Runtime字典转模型/Info.plist";
				LD_RUNPATH_SEARCH_PATHS = "$(inherited) @executable_path/Frameworks";
				PRODUCT_BUNDLE_IDENTIFIER = "com.microleo.Runtime-----";
				PRODUCT_NAME = "$(TARGET_NAME)";
			};
			name = Debug;
		};
		B3699C811D41F3A10042CE17 /* Release */ = {
			isa = XCBuildConfiguration;
			buildSettings = {
				ASSETCATALOG_COMPILER_APPICON_NAME = AppIcon;
				ENABLE_STRICT_OBJC_MSGSEND = YES;
				INFOPLIST_FILE = "Runtime字典转模型/Info.plist";
				LD_RUNPATH_SEARCH_PATHS = "$(inherited) @executable_path/Frameworks";
				PRODUCT_BUNDLE_IDENTIFIER = "com.microleo.Runtime-----";
				PRODUCT_NAME = "$(TARGET_NAME)";
			};
			name = Release;
		};
/* End XCBuildConfiguration section */

/* Begin XCConfigurationList section */
		B3451A6A1D40F89C004B334B /* Build configuration list for PBXNativeTarget "Runtime交换方法" */ = {
			isa = XCConfigurationList;
			buildConfigurations = (
				B3451A681D40F89C004B334B /* Debug */,
				B3451A691D40F89C004B334B /* Release */,
			);
			defaultConfigurationIsVisible = 0;
			defaultConfigurationName = Release;
		};
		B35D3E811D40A61300E08D4E /* Build configuration list for PBXProject "IOS新特性" */ = {
			isa = XCConfigurationList;
			buildConfigurations = (
				B35D3EB11D40A61300E08D4E /* Debug */,
				B35D3EB21D40A61300E08D4E /* Release */,
			);
			defaultConfigurationIsVisible = 0;
			defaultConfigurationName = Release;
		};
		B35D3EB31D40A61300E08D4E /* Build configuration list for PBXNativeTarget "IOS新特性" */ = {
			isa = XCConfigurationList;
			buildConfigurations = (
				B35D3EB41D40A61300E08D4E /* Debug */,
				B35D3EB51D40A61300E08D4E /* Release */,
			);
			defaultConfigurationIsVisible = 0;
			defaultConfigurationName = Release;
		};
		B35D3EF01D40AFBB00E08D4E /* Build configuration list for PBXNativeTarget "泛型" */ = {
			isa = XCConfigurationList;
			buildConfigurations = (
				B35D3EEA1D40AFBB00E08D4E /* Debug */,
				B35D3EEB1D40AFBB00E08D4E /* Release */,
			);
			defaultConfigurationIsVisible = 0;
			defaultConfigurationName = Release;
		};
		B35D3F301D40BA6D00E08D4E /* Build configuration list for PBXNativeTarget "关键字_kindof" */ = {
			isa = XCConfigurationList;
			buildConfigurations = (
				B35D3F311D40BA6D00E08D4E /* Debug */,
				B35D3F321D40BA6D00E08D4E /* Release */,
			);
			defaultConfigurationIsVisible = 0;
			defaultConfigurationName = Release;
		};
		B35D3F571D40C17F00E08D4E /* Build configuration list for PBXNativeTarget "Runtime消息机制" */ = {
			isa = XCConfigurationList;
			buildConfigurations = (
				B35D3F581D40C17F00E08D4E /* Debug */,
				B35D3F591D40C17F00E08D4E /* Release */,
			);
			defaultConfigurationIsVisible = 0;
			defaultConfigurationName = Release;
		};
		B3699C451D41BE9B0042CE17 /* Build configuration list for PBXNativeTarget "Runtime动态添加方法" */ = {
			isa = XCConfigurationList;
			buildConfigurations = (
				B3699C431D41BE9B0042CE17 /* Debug */,
				B3699C441D41BE9B0042CE17 /* Release */,
			);
			defaultConfigurationIsVisible = 0;
		};
		B3699C611D41CC270042CE17 /* Build configuration list for PBXNativeTarget "Rumtime动态添加属性" */ = {
			isa = XCConfigurationList;
			buildConfigurations = (
				B3699C621D41CC270042CE17 /* Debug */,
				B3699C631D41CC270042CE17 /* Release */,
			);
			defaultConfigurationIsVisible = 0;
		};
		B3699C7F1D41F3A10042CE17 /* Build configuration list for PBXNativeTarget "Runtime字典转模型" */ = {
			isa = XCConfigurationList;
			buildConfigurations = (
				B3699C801D41F3A10042CE17 /* Debug */,
				B3699C811D41F3A10042CE17 /* Release */,
			);
			defaultConfigurationIsVisible = 0;
		};
/* End XCConfigurationList section */
	};
	rootObject = B35D3E7E1D40A61300E08D4E /* Project object */;
}
